// !$*UTF8*$!
{
	archiveVersion = 1;
	classes = {
	};
	objectVersion = 46;
	objects = {

/* Begin PBXBuildFile section */
		141012D71C3F86B900706495 /* Event.swift in Sources */ = {isa = PBXBuildFile; fileRef = 141012D61C3F86B900706495 /* Event.swift */; };
		141012E41C3F92B800706495 /* ScheduleTableViewCell.swift in Sources */ = {isa = PBXBuildFile; fileRef = 141012E31C3F92B800706495 /* ScheduleTableViewCell.swift */; };
		378CE00B1C4EE8F3005D5E3D /* Assets.xcassets in Resources */ = {isa = PBXBuildFile; fileRef = 37AE68891C2DF38C00A02DF0 /* Assets.xcassets */; };
		3795756F1C3941C000C4DFB5 /* Extensions.swift in Sources */ = {isa = PBXBuildFile; fileRef = 3795756E1C3941C000C4DFB5 /* Extensions.swift */; };
		37977A9F1C3FD22E003869F0 /* SocialMedia.swift in Sources */ = {isa = PBXBuildFile; fileRef = 37977A9E1C3FD22E003869F0 /* SocialMedia.swift */; };
		37977AAC1C3FD658003869F0 /* LAHConstants.swift in Sources */ = {isa = PBXBuildFile; fileRef = 37977AAB1C3FD658003869F0 /* LAHConstants.swift */; };
		379B066A1C474E76000808BF /* Fetchable.swift in Sources */ = {isa = PBXBuildFile; fileRef = 379B06691C474E76000808BF /* Fetchable.swift */; };
		37AE68831C2DF38C00A02DF0 /* AppDelegate.swift in Sources */ = {isa = PBXBuildFile; fileRef = 37AE68821C2DF38C00A02DF0 /* AppDelegate.swift */; };
		37AE68881C2DF38C00A02DF0 /* Main.storyboard in Resources */ = {isa = PBXBuildFile; fileRef = 37AE68861C2DF38C00A02DF0 /* Main.storyboard */; };
		37AE688D1C2DF38C00A02DF0 /* LaunchScreen.storyboard in Resources */ = {isa = PBXBuildFile; fileRef = 37AE688B1C2DF38C00A02DF0 /* LaunchScreen.storyboard */; };
		37AE68981C2DF38C00A02DF0 /* LosAltosHacksTests.swift in Sources */ = {isa = PBXBuildFile; fileRef = 37AE68971C2DF38C00A02DF0 /* LosAltosHacksTests.swift */; };
		37AE68B61C2DFFE600A02DF0 /* UpdatesViewController.swift in Sources */ = {isa = PBXBuildFile; fileRef = 37AE68B51C2DFFE600A02DF0 /* UpdatesViewController.swift */; };
		37AE68BA1C2E000300A02DF0 /* DashboardViewController.swift in Sources */ = {isa = PBXBuildFile; fileRef = 37AE68B91C2E000300A02DF0 /* DashboardViewController.swift */; };
		37AE68BC1C2E001200A02DF0 /* ScheduleViewController.swift in Sources */ = {isa = PBXBuildFile; fileRef = 37AE68BB1C2E001200A02DF0 /* ScheduleViewController.swift */; };
		37AF3D541C4EEC580037D345 /* OneSignal.framework in Frameworks */ = {isa = PBXBuildFile; fileRef = 37764A781C4ED85800835F17 /* OneSignal.framework */; };
		37AF3D551C4EEC580037D345 /* OneSignal.framework in Embed Frameworks */ = {isa = PBXBuildFile; fileRef = 37764A781C4ED85800835F17 /* OneSignal.framework */; settings = {ATTRIBUTES = (CodeSignOnCopy, RemoveHeadersOnCopy, ); }; };
		37C182C41C3AAC8500D931EC /* LAHPreferredDisplay.swift in Sources */ = {isa = PBXBuildFile; fileRef = 37C182C31C3AAC8500D931EC /* LAHPreferredDisplay.swift */; };
		37C336FE1C4DF5490076DA9E /* Alamofire.framework in Frameworks */ = {isa = PBXBuildFile; fileRef = 37C3369E1C4DF4500076DA9E /* Alamofire.framework */; };
		37C336FF1C4DF5490076DA9E /* Alamofire.framework in Embed Frameworks */ = {isa = PBXBuildFile; fileRef = 37C3369E1C4DF4500076DA9E /* Alamofire.framework */; settings = {ATTRIBUTES = (CodeSignOnCopy, RemoveHeadersOnCopy, ); }; };
		37C337021C4DF54F0076DA9E /* SnapKit.framework in Frameworks */ = {isa = PBXBuildFile; fileRef = 37C336B31C4DF4620076DA9E /* SnapKit.framework */; };
		37C337031C4DF54F0076DA9E /* SnapKit.framework in Embed Frameworks */ = {isa = PBXBuildFile; fileRef = 37C336B31C4DF4620076DA9E /* SnapKit.framework */; settings = {ATTRIBUTES = (CodeSignOnCopy, RemoveHeadersOnCopy, ); }; };
		37CCFE841C31E60800998CB1 /* MentorView.swift in Sources */ = {isa = PBXBuildFile; fileRef = 37CCFE831C31E60800998CB1 /* MentorView.swift */; };
		37CCFE8A1C31E86000998CB1 /* SlackButton.swift in Sources */ = {isa = PBXBuildFile; fileRef = 37CCFE891C31E86000998CB1 /* SlackButton.swift */; };
		37CCFE921C31EE0800998CB1 /* Update.swift in Sources */ = {isa = PBXBuildFile; fileRef = 37CCFE911C31EE0800998CB1 /* Update.swift */; };
		37CCFE941C31EF9F00998CB1 /* UpdateTableViewCell.swift in Sources */ = {isa = PBXBuildFile; fileRef = 37CCFE931C31EF9F00998CB1 /* UpdateTableViewCell.swift */; };
		37CCFE961C31F09400998CB1 /* BaseViewController.swift in Sources */ = {isa = PBXBuildFile; fileRef = 37CCFE951C31F09400998CB1 /* BaseViewController.swift */; };
		D00D96811C4382BF00D9A912 /* TimeLeftView.swift in Sources */ = {isa = PBXBuildFile; fileRef = D00D96801C4382BF00D9A912 /* TimeLeftView.swift */; };
		D00D968E1C44CD7C00D9A912 /* UpcomingEventView.swift in Sources */ = {isa = PBXBuildFile; fileRef = D00D968D1C44CD7C00D9A912 /* UpcomingEventView.swift */; };
		D093A77F1C370CB400570708 /* ProgressView.swift in Sources */ = {isa = PBXBuildFile; fileRef = D093A77E1C370CB400570708 /* ProgressView.swift */; };
		D093A79F1C3731CF00570708 /* TopView.swift in Sources */ = {isa = PBXBuildFile; fileRef = D093A79E1C3731CF00570708 /* TopView.swift */; };
		D093A7A11C37499800570708 /* SocialMediaView.swift in Sources */ = {isa = PBXBuildFile; fileRef = D093A7A01C37499800570708 /* SocialMediaView.swift */; };
		D093A7B91C3B6FF900570708 /* MapViewController.swift in Sources */ = {isa = PBXBuildFile; fileRef = D093A7B81C3B6FF900570708 /* MapViewController.swift */; };
/* End PBXBuildFile section */

/* Begin PBXContainerItemProxy section */
		37764A771C4ED85800835F17 /* PBXContainerItemProxy */ = {
			isa = PBXContainerItemProxy;
			containerPortal = 37764A6C1C4ED85800835F17 /* OneSignal.xcodeproj */;
			proxyType = 2;
			remoteGlobalIDString = 37747F9319147D6500558FAD;
			remoteInfo = OneSignal;
		};
		37AE68941C2DF38C00A02DF0 /* PBXContainerItemProxy */ = {
			isa = PBXContainerItemProxy;
			containerPortal = 37AE68771C2DF38C00A02DF0 /* Project object */;
			proxyType = 1;
			remoteGlobalIDString = 37AE687E1C2DF38C00A02DF0;
			remoteInfo = LosAltosHacks;
		};
		37AF3D561C4EEC580037D345 /* PBXContainerItemProxy */ = {
			isa = PBXContainerItemProxy;
			containerPortal = 37764A6C1C4ED85800835F17 /* OneSignal.xcodeproj */;
			proxyType = 1;
			remoteGlobalIDString = 37E3FBAE1C4ED4B600577C8B;
			remoteInfo = OneSignal;
		};
		37BBBDAA1C4EDD1B004F6ED8 /* PBXContainerItemProxy */ = {
			isa = PBXContainerItemProxy;
			containerPortal = 37764A6C1C4ED85800835F17 /* OneSignal.xcodeproj */;
			proxyType = 1;
			remoteGlobalIDString = 37E3FBAE1C4ED4B600577C8B;
			remoteInfo = "OneSignal-iOS";
		};
		37C3369D1C4DF4500076DA9E /* PBXContainerItemProxy */ = {
			isa = PBXContainerItemProxy;
			containerPortal = 37C336931C4DF4500076DA9E /* Alamofire.xcodeproj */;
			proxyType = 2;
			remoteGlobalIDString = F8111E3319A95C8B0040E7D1;
			remoteInfo = "Alamofire iOS";
		};
		37C3369F1C4DF4500076DA9E /* PBXContainerItemProxy */ = {
			isa = PBXContainerItemProxy;
			containerPortal = 37C336931C4DF4500076DA9E /* Alamofire.xcodeproj */;
			proxyType = 2;
			remoteGlobalIDString = F8111E3E19A95C8B0040E7D1;
			remoteInfo = "Alamofire iOS Tests";
		};
		37C336A11C4DF4500076DA9E /* PBXContainerItemProxy */ = {
			isa = PBXContainerItemProxy;
			containerPortal = 37C336931C4DF4500076DA9E /* Alamofire.xcodeproj */;
			proxyType = 2;
			remoteGlobalIDString = 4DD67C0B1A5C55C900ED2280;
			remoteInfo = "Alamofire OSX";
		};
		37C336A31C4DF4500076DA9E /* PBXContainerItemProxy */ = {
			isa = PBXContainerItemProxy;
			containerPortal = 37C336931C4DF4500076DA9E /* Alamofire.xcodeproj */;
			proxyType = 2;
			remoteGlobalIDString = F829C6B21A7A94F100A2CD59;
			remoteInfo = "Alamofire OSX Tests";
		};
		37C336A51C4DF4500076DA9E /* PBXContainerItemProxy */ = {
			isa = PBXContainerItemProxy;
			containerPortal = 37C336931C4DF4500076DA9E /* Alamofire.xcodeproj */;
			proxyType = 2;
			remoteGlobalIDString = 4CF626EF1BA7CB3E0011A099;
			remoteInfo = "Alamofire tvOS";
		};
		37C336A71C4DF4500076DA9E /* PBXContainerItemProxy */ = {
			isa = PBXContainerItemProxy;
			containerPortal = 37C336931C4DF4500076DA9E /* Alamofire.xcodeproj */;
			proxyType = 2;
			remoteGlobalIDString = 4CF626F81BA7CB3E0011A099;
			remoteInfo = "Alamofire tvOS Tests";
		};
		37C336A91C4DF4500076DA9E /* PBXContainerItemProxy */ = {
			isa = PBXContainerItemProxy;
			containerPortal = 37C336931C4DF4500076DA9E /* Alamofire.xcodeproj */;
			proxyType = 2;
			remoteGlobalIDString = E4202FE01B667AA100C997FB;
			remoteInfo = "Alamofire watchOS";
		};
		37C336B21C4DF4620076DA9E /* PBXContainerItemProxy */ = {
			isa = PBXContainerItemProxy;
			containerPortal = 37C336AB1C4DF4620076DA9E /* SnapKit.xcodeproj */;
			proxyType = 2;
			remoteGlobalIDString = EEBCC9D819CC627D0083B827;
			remoteInfo = "SnapKit iOS";
		};
		37C336B41C4DF4620076DA9E /* PBXContainerItemProxy */ = {
			isa = PBXContainerItemProxy;
			containerPortal = 37C336AB1C4DF4620076DA9E /* SnapKit.xcodeproj */;
			proxyType = 2;
			remoteGlobalIDString = EECDB37A1AC0C9D4006BBC11;
			remoteInfo = "SnapKit OSX";
		};
		37C336B61C4DF4620076DA9E /* PBXContainerItemProxy */ = {
			isa = PBXContainerItemProxy;
			containerPortal = 37C336AB1C4DF4620076DA9E /* SnapKit.xcodeproj */;
			proxyType = 2;
			remoteGlobalIDString = EEBCC9E219CC627E0083B827;
			remoteInfo = "SnapKit iOS Tests";
		};
		37C336B81C4DF4620076DA9E /* PBXContainerItemProxy */ = {
			isa = PBXContainerItemProxy;
			containerPortal = 37C336AB1C4DF4620076DA9E /* SnapKit.xcodeproj */;
			proxyType = 2;
			remoteGlobalIDString = EECDB3841AC0C9D4006BBC11;
			remoteInfo = "SnapKit OSX Tests";
		};
		37C337001C4DF5490076DA9E /* PBXContainerItemProxy */ = {
			isa = PBXContainerItemProxy;
			containerPortal = 37C336931C4DF4500076DA9E /* Alamofire.xcodeproj */;
			proxyType = 1;
			remoteGlobalIDString = F8111E3219A95C8B0040E7D1;
			remoteInfo = "Alamofire iOS";
		};
		37C337041C4DF54F0076DA9E /* PBXContainerItemProxy */ = {
			isa = PBXContainerItemProxy;
			containerPortal = 37C336AB1C4DF4620076DA9E /* SnapKit.xcodeproj */;
			proxyType = 1;
			remoteGlobalIDString = EEBCC9D719CC627D0083B827;
			remoteInfo = "SnapKit iOS";
		};
/* End PBXContainerItemProxy section */

/* Begin PBXCopyFilesBuildPhase section */
		D019F5C31C4DCEAC00D5D9A4 /* Embed Frameworks */ = {
			isa = PBXCopyFilesBuildPhase;
			buildActionMask = 2147483647;
			dstPath = "";
			dstSubfolderSpec = 10;
			files = (
				37C336FF1C4DF5490076DA9E /* Alamofire.framework in Embed Frameworks */,
				37C337031C4DF54F0076DA9E /* SnapKit.framework in Embed Frameworks */,
				37AF3D551C4EEC580037D345 /* OneSignal.framework in Embed Frameworks */,
			);
			name = "Embed Frameworks";
			runOnlyForDeploymentPostprocessing = 0;
		};
/* End PBXCopyFilesBuildPhase section */

/* Begin PBXFileReference section */
		141012D61C3F86B900706495 /* Event.swift */ = {isa = PBXFileReference; fileEncoding = 4; lastKnownFileType = sourcecode.swift; path = Event.swift; sourceTree = "<group>"; };
		141012E31C3F92B800706495 /* ScheduleTableViewCell.swift */ = {isa = PBXFileReference; fileEncoding = 4; lastKnownFileType = sourcecode.swift; path = ScheduleTableViewCell.swift; sourceTree = "<group>"; };
		37764A6C1C4ED85800835F17 /* OneSignal.xcodeproj */ = {isa = PBXFileReference; lastKnownFileType = "wrapper.pb-project"; name = OneSignal.xcodeproj; path = "Carthage/Checkouts/OneSignal-iOS-SDK/iOS_SDK/OneSignal.xcodeproj"; sourceTree = "<group>"; };
		3795756E1C3941C000C4DFB5 /* Extensions.swift */ = {isa = PBXFileReference; fileEncoding = 4; lastKnownFileType = sourcecode.swift; path = Extensions.swift; sourceTree = "<group>"; };
		37977A9E1C3FD22E003869F0 /* SocialMedia.swift */ = {isa = PBXFileReference; fileEncoding = 4; lastKnownFileType = sourcecode.swift; path = SocialMedia.swift; sourceTree = "<group>"; };
		37977AAB1C3FD658003869F0 /* LAHConstants.swift */ = {isa = PBXFileReference; fileEncoding = 4; lastKnownFileType = sourcecode.swift; path = LAHConstants.swift; sourceTree = "<group>"; };
		379B06691C474E76000808BF /* Fetchable.swift */ = {isa = PBXFileReference; fileEncoding = 4; lastKnownFileType = sourcecode.swift; path = Fetchable.swift; sourceTree = "<group>"; };
		37AE687F1C2DF38C00A02DF0 /* LosAltosHacks.app */ = {isa = PBXFileReference; explicitFileType = wrapper.application; includeInIndex = 0; path = LosAltosHacks.app; sourceTree = BUILT_PRODUCTS_DIR; };
		37AE68821C2DF38C00A02DF0 /* AppDelegate.swift */ = {isa = PBXFileReference; lastKnownFileType = sourcecode.swift; path = AppDelegate.swift; sourceTree = "<group>"; };
		37AE68871C2DF38C00A02DF0 /* Base */ = {isa = PBXFileReference; lastKnownFileType = file.storyboard; name = Base; path = Base.lproj/Main.storyboard; sourceTree = "<group>"; };
		37AE68891C2DF38C00A02DF0 /* Assets.xcassets */ = {isa = PBXFileReference; lastKnownFileType = folder.assetcatalog; path = Assets.xcassets; sourceTree = "<group>"; };
		37AE688C1C2DF38C00A02DF0 /* Base */ = {isa = PBXFileReference; lastKnownFileType = file.storyboard; name = Base; path = Base.lproj/LaunchScreen.storyboard; sourceTree = "<group>"; };
		37AE688E1C2DF38C00A02DF0 /* Info.plist */ = {isa = PBXFileReference; lastKnownFileType = text.plist.xml; path = Info.plist; sourceTree = "<group>"; };
		37AE68931C2DF38C00A02DF0 /* LosAltosHacksTests.xctest */ = {isa = PBXFileReference; explicitFileType = wrapper.cfbundle; includeInIndex = 0; path = LosAltosHacksTests.xctest; sourceTree = BUILT_PRODUCTS_DIR; };
		37AE68971C2DF38C00A02DF0 /* LosAltosHacksTests.swift */ = {isa = PBXFileReference; lastKnownFileType = sourcecode.swift; path = LosAltosHacksTests.swift; sourceTree = "<group>"; };
		37AE68991C2DF38C00A02DF0 /* Info.plist */ = {isa = PBXFileReference; lastKnownFileType = text.plist.xml; path = Info.plist; sourceTree = "<group>"; };
		37AE68B51C2DFFE600A02DF0 /* UpdatesViewController.swift */ = {isa = PBXFileReference; fileEncoding = 4; lastKnownFileType = sourcecode.swift; path = UpdatesViewController.swift; sourceTree = "<group>"; };
		37AE68B91C2E000300A02DF0 /* DashboardViewController.swift */ = {isa = PBXFileReference; fileEncoding = 4; lastKnownFileType = sourcecode.swift; path = DashboardViewController.swift; sourceTree = "<group>"; };
		37AE68BB1C2E001200A02DF0 /* ScheduleViewController.swift */ = {isa = PBXFileReference; fileEncoding = 4; lastKnownFileType = sourcecode.swift; path = ScheduleViewController.swift; sourceTree = "<group>"; };
		37C182C31C3AAC8500D931EC /* LAHPreferredDisplay.swift */ = {isa = PBXFileReference; fileEncoding = 4; lastKnownFileType = sourcecode.swift; path = LAHPreferredDisplay.swift; sourceTree = "<group>"; };
		37C336931C4DF4500076DA9E /* Alamofire.xcodeproj */ = {isa = PBXFileReference; lastKnownFileType = "wrapper.pb-project"; name = Alamofire.xcodeproj; path = Carthage/Checkouts/Alamofire/Alamofire.xcodeproj; sourceTree = "<group>"; };
		37C336AB1C4DF4620076DA9E /* SnapKit.xcodeproj */ = {isa = PBXFileReference; lastKnownFileType = "wrapper.pb-project"; name = SnapKit.xcodeproj; path = Carthage/Checkouts/Snapkit/SnapKit.xcodeproj; sourceTree = "<group>"; };
		37CCFE831C31E60800998CB1 /* MentorView.swift */ = {isa = PBXFileReference; fileEncoding = 4; lastKnownFileType = sourcecode.swift; path = MentorView.swift; sourceTree = "<group>"; };
		37CCFE891C31E86000998CB1 /* SlackButton.swift */ = {isa = PBXFileReference; fileEncoding = 4; lastKnownFileType = sourcecode.swift; path = SlackButton.swift; sourceTree = "<group>"; };
		37CCFE911C31EE0800998CB1 /* Update.swift */ = {isa = PBXFileReference; fileEncoding = 4; lastKnownFileType = sourcecode.swift; path = Update.swift; sourceTree = "<group>"; };
		37CCFE931C31EF9F00998CB1 /* UpdateTableViewCell.swift */ = {isa = PBXFileReference; fileEncoding = 4; lastKnownFileType = sourcecode.swift; path = UpdateTableViewCell.swift; sourceTree = "<group>"; };
		37CCFE951C31F09400998CB1 /* BaseViewController.swift */ = {isa = PBXFileReference; fileEncoding = 4; lastKnownFileType = sourcecode.swift; path = BaseViewController.swift; sourceTree = "<group>"; };
		D00D96801C4382BF00D9A912 /* TimeLeftView.swift */ = {isa = PBXFileReference; fileEncoding = 4; lastKnownFileType = sourcecode.swift; path = TimeLeftView.swift; sourceTree = "<group>"; };
		D00D968D1C44CD7C00D9A912 /* UpcomingEventView.swift */ = {isa = PBXFileReference; fileEncoding = 4; lastKnownFileType = sourcecode.swift; path = UpcomingEventView.swift; sourceTree = "<group>"; };
		D093A77E1C370CB400570708 /* ProgressView.swift */ = {isa = PBXFileReference; fileEncoding = 4; lastKnownFileType = sourcecode.swift; path = ProgressView.swift; sourceTree = "<group>"; };
		D093A79E1C3731CF00570708 /* TopView.swift */ = {isa = PBXFileReference; fileEncoding = 4; lastKnownFileType = sourcecode.swift; path = TopView.swift; sourceTree = "<group>"; };
		D093A7A01C37499800570708 /* SocialMediaView.swift */ = {isa = PBXFileReference; fileEncoding = 4; lastKnownFileType = sourcecode.swift; path = SocialMediaView.swift; sourceTree = "<group>"; };
		D093A7B81C3B6FF900570708 /* MapViewController.swift */ = {isa = PBXFileReference; fileEncoding = 4; lastKnownFileType = sourcecode.swift; path = MapViewController.swift; sourceTree = "<group>"; };
/* End PBXFileReference section */

/* Begin PBXFrameworksBuildPhase section */
		37AE687C1C2DF38C00A02DF0 /* Frameworks */ = {
			isa = PBXFrameworksBuildPhase;
			buildActionMask = 2147483647;
			files = (
				37C336FE1C4DF5490076DA9E /* Alamofire.framework in Frameworks */,
				37C337021C4DF54F0076DA9E /* SnapKit.framework in Frameworks */,
				37AF3D541C4EEC580037D345 /* OneSignal.framework in Frameworks */,
			);
			runOnlyForDeploymentPostprocessing = 0;
		};
		37AE68901C2DF38C00A02DF0 /* Frameworks */ = {
			isa = PBXFrameworksBuildPhase;
			buildActionMask = 2147483647;
			files = (
			);
			runOnlyForDeploymentPostprocessing = 0;
		};
/* End PBXFrameworksBuildPhase section */

/* Begin PBXGroup section */
		37764A6D1C4ED85800835F17 /* Products */ = {
			isa = PBXGroup;
			children = (
				37764A781C4ED85800835F17 /* OneSignal.framework */,
			);
			name = Products;
			sourceTree = "<group>";
		};
		3795756D1C3941C000C4DFB5 /* Misc */ = {
			isa = PBXGroup;
			children = (
				3795756E1C3941C000C4DFB5 /* Extensions.swift */,
				37977AAB1C3FD658003869F0 /* LAHConstants.swift */,
				37C182C31C3AAC8500D931EC /* LAHPreferredDisplay.swift */,
				37977A9E1C3FD22E003869F0 /* SocialMedia.swift */,
			);
			path = Misc;
			sourceTree = "<group>";
		};
		37AE68761C2DF38C00A02DF0 = {
			isa = PBXGroup;
			children = (
				37AE68811C2DF38C00A02DF0 /* LosAltosHacks */,
				37AE68961C2DF38C00A02DF0 /* LosAltosHacksTests */,
				37AE68801C2DF38C00A02DF0 /* Products */,
				37C336931C4DF4500076DA9E /* Alamofire.xcodeproj */,
				37C336AB1C4DF4620076DA9E /* SnapKit.xcodeproj */,
				37764A6C1C4ED85800835F17 /* OneSignal.xcodeproj */,
			);
			sourceTree = "<group>";
		};
		37AE68801C2DF38C00A02DF0 /* Products */ = {
			isa = PBXGroup;
			children = (
				37AE687F1C2DF38C00A02DF0 /* LosAltosHacks.app */,
				37AE68931C2DF38C00A02DF0 /* LosAltosHacksTests.xctest */,
			);
			name = Products;
			sourceTree = "<group>";
		};
		37AE68811C2DF38C00A02DF0 /* LosAltosHacks */ = {
			isa = PBXGroup;
			children = (
				3795756D1C3941C000C4DFB5 /* Misc */,
				37CCFE8D1C31EDFF00998CB1 /* Models */,
				D093A7481C2F84CD00570708 /* Views */,
				37AE68B31C2DFFA200A02DF0 /* Controllers */,
				37AE68861C2DF38C00A02DF0 /* Main.storyboard */,
				37AE68B41C2DFFAB00A02DF0 /* Supporting Files */,
			);
			path = LosAltosHacks;
			sourceTree = "<group>";
		};
		37AE68961C2DF38C00A02DF0 /* LosAltosHacksTests */ = {
			isa = PBXGroup;
			children = (
				37AE68971C2DF38C00A02DF0 /* LosAltosHacksTests.swift */,
				37AE68991C2DF38C00A02DF0 /* Info.plist */,
			);
			path = LosAltosHacksTests;
			sourceTree = "<group>";
		};
		37AE68B31C2DFFA200A02DF0 /* Controllers */ = {
			isa = PBXGroup;
			children = (
				37CCFE951C31F09400998CB1 /* BaseViewController.swift */,
				37AE68B91C2E000300A02DF0 /* DashboardViewController.swift */,
				37AE68BB1C2E001200A02DF0 /* ScheduleViewController.swift */,
				37AE68B51C2DFFE600A02DF0 /* UpdatesViewController.swift */,
				D093A7B81C3B6FF900570708 /* MapViewController.swift */,
			);
			path = Controllers;
			sourceTree = "<group>";
		};
		37AE68B41C2DFFAB00A02DF0 /* Supporting Files */ = {
			isa = PBXGroup;
			children = (
				37AE68821C2DF38C00A02DF0 /* AppDelegate.swift */,
				37AE68891C2DF38C00A02DF0 /* Assets.xcassets */,
				37AE688B1C2DF38C00A02DF0 /* LaunchScreen.storyboard */,
				37AE688E1C2DF38C00A02DF0 /* Info.plist */,
			);
			name = "Supporting Files";
			sourceTree = "<group>";
		};
		37C336941C4DF4500076DA9E /* Products */ = {
			isa = PBXGroup;
			children = (
				37C3369E1C4DF4500076DA9E /* Alamofire.framework */,
				37C336A01C4DF4500076DA9E /* Alamofire iOS Tests.xctest */,
				37C336A21C4DF4500076DA9E /* Alamofire.framework */,
				37C336A41C4DF4500076DA9E /* Alamofire OSX Tests.xctest */,
				37C336A61C4DF4500076DA9E /* Alamofire.framework */,
				37C336A81C4DF4500076DA9E /* Alamofire tvOS Tests.xctest */,
				37C336AA1C4DF4500076DA9E /* Alamofire.framework */,
			);
			name = Products;
			sourceTree = "<group>";
		};
		37C336AC1C4DF4620076DA9E /* Products */ = {
			isa = PBXGroup;
			children = (
				37C336B31C4DF4620076DA9E /* SnapKit.framework */,
				37C336B51C4DF4620076DA9E /* SnapKit.framework */,
				37C336B71C4DF4620076DA9E /* SnapKit iOS Tests.xctest */,
				37C336B91C4DF4620076DA9E /* SnapKit OSX Tests.xctest */,
			);
			name = Products;
			sourceTree = "<group>";
		};
		37CCFE8D1C31EDFF00998CB1 /* Models */ = {
			isa = PBXGroup;
			children = (
				379B06691C474E76000808BF /* Fetchable.swift */,
				37CCFE911C31EE0800998CB1 /* Update.swift */,
				141012D61C3F86B900706495 /* Event.swift */,
			);
			path = Models;
			sourceTree = "<group>";
		};
		D093A7481C2F84CD00570708 /* Views */ = {
			isa = PBXGroup;
			children = (
				D093A79E1C3731CF00570708 /* TopView.swift */,
				37CCFE831C31E60800998CB1 /* MentorView.swift */,
				D00D96801C4382BF00D9A912 /* TimeLeftView.swift */,
				37CCFE891C31E86000998CB1 /* SlackButton.swift */,
				37CCFE931C31EF9F00998CB1 /* UpdateTableViewCell.swift */,
				141012E31C3F92B800706495 /* ScheduleTableViewCell.swift */,
				D093A77E1C370CB400570708 /* ProgressView.swift */,
				D093A7A01C37499800570708 /* SocialMediaView.swift */,
				D00D968D1C44CD7C00D9A912 /* UpcomingEventView.swift */,
			);
			path = Views;
			sourceTree = "<group>";
		};
/* End PBXGroup section */

/* Begin PBXNativeTarget section */
		37AE687E1C2DF38C00A02DF0 /* LosAltosHacks */ = {
			isa = PBXNativeTarget;
			buildConfigurationList = 37AE689C1C2DF38C00A02DF0 /* Build configuration list for PBXNativeTarget "LosAltosHacks" */;
			buildPhases = (
				37AE687B1C2DF38C00A02DF0 /* Sources */,
				37AE687C1C2DF38C00A02DF0 /* Frameworks */,
				37AE687D1C2DF38C00A02DF0 /* Resources */,
				D019F5C31C4DCEAC00D5D9A4 /* Embed Frameworks */,
			);
			buildRules = (
			);
			dependencies = (
				37C337011C4DF5490076DA9E /* PBXTargetDependency */,
				37C337051C4DF54F0076DA9E /* PBXTargetDependency */,
				37BBBDAB1C4EDD1B004F6ED8 /* PBXTargetDependency */,
				37AF3D571C4EEC580037D345 /* PBXTargetDependency */,
			);
			name = LosAltosHacks;
			productName = LosAltosHacks;
			productReference = 37AE687F1C2DF38C00A02DF0 /* LosAltosHacks.app */;
			productType = "com.apple.product-type.application";
		};
		37AE68921C2DF38C00A02DF0 /* LosAltosHacksTests */ = {
			isa = PBXNativeTarget;
			buildConfigurationList = 37AE689F1C2DF38C00A02DF0 /* Build configuration list for PBXNativeTarget "LosAltosHacksTests" */;
			buildPhases = (
				37AE688F1C2DF38C00A02DF0 /* Sources */,
				37AE68901C2DF38C00A02DF0 /* Frameworks */,
				37AE68911C2DF38C00A02DF0 /* Resources */,
			);
			buildRules = (
			);
			dependencies = (
				37AE68951C2DF38C00A02DF0 /* PBXTargetDependency */,
			);
			name = LosAltosHacksTests;
			productName = LosAltosHacksTests;
			productReference = 37AE68931C2DF38C00A02DF0 /* LosAltosHacksTests.xctest */;
			productType = "com.apple.product-type.bundle.unit-test";
		};
/* End PBXNativeTarget section */

/* Begin PBXProject section */
		37AE68771C2DF38C00A02DF0 /* Project object */ = {
			isa = PBXProject;
			attributes = {
				LastSwiftUpdateCheck = 0720;
				LastUpgradeCheck = 0720;
				ORGANIZATIONNAME = "Dan Appel";
				TargetAttributes = {
					37AE687E1C2DF38C00A02DF0 = {
						CreatedOnToolsVersion = 7.2;
						DevelopmentTeam = M3QL4363UT;
						SystemCapabilities = {
							com.apple.Push = {
								enabled = 1;
							};
						};
					};
					37AE68921C2DF38C00A02DF0 = {
						CreatedOnToolsVersion = 7.2;
						TestTargetID = 37AE687E1C2DF38C00A02DF0;
					};
				};
			};
			buildConfigurationList = 37AE687A1C2DF38C00A02DF0 /* Build configuration list for PBXProject "LosAltosHacks" */;
			compatibilityVersion = "Xcode 3.2";
			developmentRegion = English;
			hasScannedForEncodings = 0;
			knownRegions = (
				en,
				Base,
			);
			mainGroup = 37AE68761C2DF38C00A02DF0;
			productRefGroup = 37AE68801C2DF38C00A02DF0 /* Products */;
			projectDirPath = "";
			projectReferences = (
				{
					ProductGroup = 37C336941C4DF4500076DA9E /* Products */;
					ProjectRef = 37C336931C4DF4500076DA9E /* Alamofire.xcodeproj */;
				},
				{
					ProductGroup = 37764A6D1C4ED85800835F17 /* Products */;
					ProjectRef = 37764A6C1C4ED85800835F17 /* OneSignal.xcodeproj */;
				},
				{
					ProductGroup = 37C336AC1C4DF4620076DA9E /* Products */;
					ProjectRef = 37C336AB1C4DF4620076DA9E /* SnapKit.xcodeproj */;
				},
			);
			projectRoot = "";
			targets = (
				37AE687E1C2DF38C00A02DF0 /* LosAltosHacks */,
				37AE68921C2DF38C00A02DF0 /* LosAltosHacksTests */,
			);
		};
/* End PBXProject section */

/* Begin PBXReferenceProxy section */
		37764A781C4ED85800835F17 /* OneSignal.framework */ = {
			isa = PBXReferenceProxy;
			fileType = wrapper.framework;
			path = OneSignal.framework;
			remoteRef = 37764A771C4ED85800835F17 /* PBXContainerItemProxy */;
			sourceTree = BUILT_PRODUCTS_DIR;
		};
		37C3369E1C4DF4500076DA9E /* Alamofire.framework */ = {
			isa = PBXReferenceProxy;
			fileType = wrapper.framework;
			path = Alamofire.framework;
			remoteRef = 37C3369D1C4DF4500076DA9E /* PBXContainerItemProxy */;
			sourceTree = BUILT_PRODUCTS_DIR;
		};
		37C336A01C4DF4500076DA9E /* Alamofire iOS Tests.xctest */ = {
			isa = PBXReferenceProxy;
			fileType = wrapper.cfbundle;
			path = "Alamofire iOS Tests.xctest";
			remoteRef = 37C3369F1C4DF4500076DA9E /* PBXContainerItemProxy */;
			sourceTree = BUILT_PRODUCTS_DIR;
		};
		37C336A21C4DF4500076DA9E /* Alamofire.framework */ = {
			isa = PBXReferenceProxy;
			fileType = wrapper.framework;
			path = Alamofire.framework;
			remoteRef = 37C336A11C4DF4500076DA9E /* PBXContainerItemProxy */;
			sourceTree = BUILT_PRODUCTS_DIR;
		};
		37C336A41C4DF4500076DA9E /* Alamofire OSX Tests.xctest */ = {
			isa = PBXReferenceProxy;
			fileType = wrapper.cfbundle;
			path = "Alamofire OSX Tests.xctest";
			remoteRef = 37C336A31C4DF4500076DA9E /* PBXContainerItemProxy */;
			sourceTree = BUILT_PRODUCTS_DIR;
		};
		37C336A61C4DF4500076DA9E /* Alamofire.framework */ = {
			isa = PBXReferenceProxy;
			fileType = wrapper.framework;
			path = Alamofire.framework;
			remoteRef = 37C336A51C4DF4500076DA9E /* PBXContainerItemProxy */;
			sourceTree = BUILT_PRODUCTS_DIR;
		};
		37C336A81C4DF4500076DA9E /* Alamofire tvOS Tests.xctest */ = {
			isa = PBXReferenceProxy;
			fileType = wrapper.cfbundle;
			path = "Alamofire tvOS Tests.xctest";
			remoteRef = 37C336A71C4DF4500076DA9E /* PBXContainerItemProxy */;
			sourceTree = BUILT_PRODUCTS_DIR;
		};
		37C336AA1C4DF4500076DA9E /* Alamofire.framework */ = {
			isa = PBXReferenceProxy;
			fileType = wrapper.framework;
			path = Alamofire.framework;
			remoteRef = 37C336A91C4DF4500076DA9E /* PBXContainerItemProxy */;
			sourceTree = BUILT_PRODUCTS_DIR;
		};
		37C336B31C4DF4620076DA9E /* SnapKit.framework */ = {
			isa = PBXReferenceProxy;
			fileType = wrapper.framework;
			path = SnapKit.framework;
			remoteRef = 37C336B21C4DF4620076DA9E /* PBXContainerItemProxy */;
			sourceTree = BUILT_PRODUCTS_DIR;
		};
		37C336B51C4DF4620076DA9E /* SnapKit.framework */ = {
			isa = PBXReferenceProxy;
			fileType = wrapper.framework;
			path = SnapKit.framework;
			remoteRef = 37C336B41C4DF4620076DA9E /* PBXContainerItemProxy */;
			sourceTree = BUILT_PRODUCTS_DIR;
		};
		37C336B71C4DF4620076DA9E /* SnapKit iOS Tests.xctest */ = {
			isa = PBXReferenceProxy;
			fileType = wrapper.cfbundle;
			path = "SnapKit iOS Tests.xctest";
			remoteRef = 37C336B61C4DF4620076DA9E /* PBXContainerItemProxy */;
			sourceTree = BUILT_PRODUCTS_DIR;
		};
		37C336B91C4DF4620076DA9E /* SnapKit OSX Tests.xctest */ = {
			isa = PBXReferenceProxy;
			fileType = wrapper.cfbundle;
			path = "SnapKit OSX Tests.xctest";
			remoteRef = 37C336B81C4DF4620076DA9E /* PBXContainerItemProxy */;
			sourceTree = BUILT_PRODUCTS_DIR;
		};
/* End PBXReferenceProxy section */

/* Begin PBXResourcesBuildPhase section */
		37AE687D1C2DF38C00A02DF0 /* Resources */ = {
			isa = PBXResourcesBuildPhase;
			buildActionMask = 2147483647;
			files = (
				378CE00B1C4EE8F3005D5E3D /* Assets.xcassets in Resources */,
				37AE688D1C2DF38C00A02DF0 /* LaunchScreen.storyboard in Resources */,
				37AE68881C2DF38C00A02DF0 /* Main.storyboard in Resources */,
			);
			runOnlyForDeploymentPostprocessing = 0;
		};
		37AE68911C2DF38C00A02DF0 /* Resources */ = {
			isa = PBXResourcesBuildPhase;
			buildActionMask = 2147483647;
			files = (
			);
			runOnlyForDeploymentPostprocessing = 0;
		};
/* End PBXResourcesBuildPhase section */

/* Begin PBXSourcesBuildPhase section */
		37AE687B1C2DF38C00A02DF0 /* Sources */ = {
			isa = PBXSourcesBuildPhase;
			buildActionMask = 2147483647;
			files = (
				D093A7A11C37499800570708 /* SocialMediaView.swift in Sources */,
				D00D968E1C44CD7C00D9A912 /* UpcomingEventView.swift in Sources */,
				D093A79F1C3731CF00570708 /* TopView.swift in Sources */,
				141012E41C3F92B800706495 /* ScheduleTableViewCell.swift in Sources */,
				37AE68831C2DF38C00A02DF0 /* AppDelegate.swift in Sources */,
				37977A9F1C3FD22E003869F0 /* SocialMedia.swift in Sources */,
				3795756F1C3941C000C4DFB5 /* Extensions.swift in Sources */,
				37977AAC1C3FD658003869F0 /* LAHConstants.swift in Sources */,
				37CCFE941C31EF9F00998CB1 /* UpdateTableViewCell.swift in Sources */,
				37C182C41C3AAC8500D931EC /* LAHPreferredDisplay.swift in Sources */,
				37CCFE921C31EE0800998CB1 /* Update.swift in Sources */,
				37CCFE841C31E60800998CB1 /* MentorView.swift in Sources */,
				D093A77F1C370CB400570708 /* ProgressView.swift in Sources */,
				141012D71C3F86B900706495 /* Event.swift in Sources */,
				379B066A1C474E76000808BF /* Fetchable.swift in Sources */,
				D00D96811C4382BF00D9A912 /* TimeLeftView.swift in Sources */,
				37CCFE961C31F09400998CB1 /* BaseViewController.swift in Sources */,
				37AE68B61C2DFFE600A02DF0 /* UpdatesViewController.swift in Sources */,
				37CCFE8A1C31E86000998CB1 /* SlackButton.swift in Sources */,
				37AE68BC1C2E001200A02DF0 /* ScheduleViewController.swift in Sources */,
				37AE68BA1C2E000300A02DF0 /* DashboardViewController.swift in Sources */,
				D093A7B91C3B6FF900570708 /* MapViewController.swift in Sources */,
			);
			runOnlyForDeploymentPostprocessing = 0;
		};
		37AE688F1C2DF38C00A02DF0 /* Sources */ = {
			isa = PBXSourcesBuildPhase;
			buildActionMask = 2147483647;
			files = (
				37AE68981C2DF38C00A02DF0 /* LosAltosHacksTests.swift in Sources */,
			);
			runOnlyForDeploymentPostprocessing = 0;
		};
/* End PBXSourcesBuildPhase section */

/* Begin PBXTargetDependency section */
		37AE68951C2DF38C00A02DF0 /* PBXTargetDependency */ = {
			isa = PBXTargetDependency;
			target = 37AE687E1C2DF38C00A02DF0 /* LosAltosHacks */;
			targetProxy = 37AE68941C2DF38C00A02DF0 /* PBXContainerItemProxy */;
		};
		37AF3D571C4EEC580037D345 /* PBXTargetDependency */ = {
			isa = PBXTargetDependency;
			name = OneSignal;
			targetProxy = 37AF3D561C4EEC580037D345 /* PBXContainerItemProxy */;
		};
		37BBBDAB1C4EDD1B004F6ED8 /* PBXTargetDependency */ = {
			isa = PBXTargetDependency;
			name = "OneSignal-iOS";
			targetProxy = 37BBBDAA1C4EDD1B004F6ED8 /* PBXContainerItemProxy */;
		};
		37C337011C4DF5490076DA9E /* PBXTargetDependency */ = {
			isa = PBXTargetDependency;
			name = "Alamofire iOS";
			targetProxy = 37C337001C4DF5490076DA9E /* PBXContainerItemProxy */;
		};
		37C337051C4DF54F0076DA9E /* PBXTargetDependency */ = {
			isa = PBXTargetDependency;
			name = "SnapKit iOS";
			targetProxy = 37C337041C4DF54F0076DA9E /* PBXContainerItemProxy */;
		};
/* End PBXTargetDependency section */

/* Begin PBXVariantGroup section */
		37AE68861C2DF38C00A02DF0 /* Main.storyboard */ = {
			isa = PBXVariantGroup;
			children = (
				37AE68871C2DF38C00A02DF0 /* Base */,
			);
			name = Main.storyboard;
			sourceTree = "<group>";
		};
		37AE688B1C2DF38C00A02DF0 /* LaunchScreen.storyboard */ = {
			isa = PBXVariantGroup;
			children = (
				37AE688C1C2DF38C00A02DF0 /* Base */,
			);
			name = LaunchScreen.storyboard;
			sourceTree = "<group>";
		};
/* End PBXVariantGroup section */

/* Begin XCBuildConfiguration section */
		37AE689A1C2DF38C00A02DF0 /* Debug */ = {
			isa = XCBuildConfiguration;
			buildSettings = {
				ALWAYS_SEARCH_USER_PATHS = NO;
				CLANG_CXX_LANGUAGE_STANDARD = "gnu++0x";
				CLANG_CXX_LIBRARY = "libc++";
				CLANG_ENABLE_MODULES = YES;
				CLANG_ENABLE_OBJC_ARC = YES;
				CLANG_WARN_BOOL_CONVERSION = YES;
				CLANG_WARN_CONSTANT_CONVERSION = YES;
				CLANG_WARN_DIRECT_OBJC_ISA_USAGE = YES_ERROR;
				CLANG_WARN_EMPTY_BODY = YES;
				CLANG_WARN_ENUM_CONVERSION = YES;
				CLANG_WARN_INT_CONVERSION = YES;
				CLANG_WARN_OBJC_ROOT_CLASS = YES_ERROR;
				CLANG_WARN_UNREACHABLE_CODE = YES;
				CLANG_WARN__DUPLICATE_METHOD_MATCH = YES;
				"CODE_SIGN_IDENTITY[sdk=iphoneos*]" = "iPhone Developer";
				COPY_PHASE_STRIP = NO;
				DEBUG_INFORMATION_FORMAT = dwarf;
				ENABLE_STRICT_OBJC_MSGSEND = YES;
				ENABLE_TESTABILITY = YES;
				GCC_C_LANGUAGE_STANDARD = gnu99;
				GCC_DYNAMIC_NO_PIC = NO;
				GCC_NO_COMMON_BLOCKS = YES;
				GCC_OPTIMIZATION_LEVEL = 0;
				GCC_PREPROCESSOR_DEFINITIONS = (
					"DEBUG=1",
					"$(inherited)",
				);
				GCC_WARN_64_TO_32_BIT_CONVERSION = YES;
				GCC_WARN_ABOUT_RETURN_TYPE = YES_ERROR;
				GCC_WARN_UNDECLARED_SELECTOR = YES;
				GCC_WARN_UNINITIALIZED_AUTOS = YES_AGGRESSIVE;
				GCC_WARN_UNUSED_FUNCTION = YES;
				GCC_WARN_UNUSED_VARIABLE = YES;
				IPHONEOS_DEPLOYMENT_TARGET = 9.2;
				MTL_ENABLE_DEBUG_INFO = YES;
				ONLY_ACTIVE_ARCH = YES;
				SDKROOT = iphoneos;
				SWIFT_OPTIMIZATION_LEVEL = "-Onone";
				TARGETED_DEVICE_FAMILY = "1,2";
			};
			name = Debug;
		};
		37AE689B1C2DF38C00A02DF0 /* Release */ = {
			isa = XCBuildConfiguration;
			buildSettings = {
				ALWAYS_SEARCH_USER_PATHS = NO;
				CLANG_CXX_LANGUAGE_STANDARD = "gnu++0x";
				CLANG_CXX_LIBRARY = "libc++";
				CLANG_ENABLE_MODULES = YES;
				CLANG_ENABLE_OBJC_ARC = YES;
				CLANG_WARN_BOOL_CONVERSION = YES;
				CLANG_WARN_CONSTANT_CONVERSION = YES;
				CLANG_WARN_DIRECT_OBJC_ISA_USAGE = YES_ERROR;
				CLANG_WARN_EMPTY_BODY = YES;
				CLANG_WARN_ENUM_CONVERSION = YES;
				CLANG_WARN_INT_CONVERSION = YES;
				CLANG_WARN_OBJC_ROOT_CLASS = YES_ERROR;
				CLANG_WARN_UNREACHABLE_CODE = YES;
				CLANG_WARN__DUPLICATE_METHOD_MATCH = YES;
				"CODE_SIGN_IDENTITY[sdk=iphoneos*]" = "iPhone Developer";
				COPY_PHASE_STRIP = NO;
				DEBUG_INFORMATION_FORMAT = "dwarf-with-dsym";
				ENABLE_NS_ASSERTIONS = NO;
				ENABLE_STRICT_OBJC_MSGSEND = YES;
				GCC_C_LANGUAGE_STANDARD = gnu99;
				GCC_NO_COMMON_BLOCKS = YES;
				GCC_WARN_64_TO_32_BIT_CONVERSION = YES;
				GCC_WARN_ABOUT_RETURN_TYPE = YES_ERROR;
				GCC_WARN_UNDECLARED_SELECTOR = YES;
				GCC_WARN_UNINITIALIZED_AUTOS = YES_AGGRESSIVE;
				GCC_WARN_UNUSED_FUNCTION = YES;
				GCC_WARN_UNUSED_VARIABLE = YES;
				IPHONEOS_DEPLOYMENT_TARGET = 9.2;
				MTL_ENABLE_DEBUG_INFO = NO;
				SDKROOT = iphoneos;
				TARGETED_DEVICE_FAMILY = "1,2";
				VALIDATE_PRODUCT = YES;
			};
			name = Release;
		};
		37AE689D1C2DF38C00A02DF0 /* Debug */ = {
			isa = XCBuildConfiguration;
			buildSettings = {
				CODE_SIGN_IDENTITY = "iPhone Developer";
				"CODE_SIGN_IDENTITY[sdk=iphoneos*]" = "iPhone Developer";
				EMBEDDED_CONTENT_CONTAINS_SWIFT = YES;
				FRAMEWORK_SEARCH_PATHS = "$(inherited)";
				INFOPLIST_FILE = LosAltosHacks/Info.plist;
				IPHONEOS_DEPLOYMENT_TARGET = 9.2;
				LD_RUNPATH_SEARCH_PATHS = "$(inherited) @executable_path/Frameworks";
				ONLY_ACTIVE_ARCH = YES;
				PRODUCT_BUNDLE_IDENTIFIER = "com.losaltoshacks.ios-app";
				PRODUCT_NAME = "$(TARGET_NAME)";
				PROVISIONING_PROFILE = "";
				SWIFT_OBJC_BRIDGING_HEADER = "";
				TARGETED_DEVICE_FAMILY = "1,2";
			};
			name = Debug;
		};
		37AE689E1C2DF38C00A02DF0 /* Release */ = {
			isa = XCBuildConfiguration;
			buildSettings = {
				CODE_SIGN_IDENTITY = "iPhone Developer";
				"CODE_SIGN_IDENTITY[sdk=iphoneos*]" = "iPhone Developer";
				EMBEDDED_CONTENT_CONTAINS_SWIFT = YES;
				FRAMEWORK_SEARCH_PATHS = "$(inherited)";
				INFOPLIST_FILE = LosAltosHacks/Info.plist;
				IPHONEOS_DEPLOYMENT_TARGET = 9.2;
				LD_RUNPATH_SEARCH_PATHS = "$(inherited) @executable_path/Frameworks";
				ONLY_ACTIVE_ARCH = YES;
				PRODUCT_BUNDLE_IDENTIFIER = "com.losaltoshacks.ios-app";
				PRODUCT_NAME = "$(TARGET_NAME)";
				PROVISIONING_PROFILE = "";
				SWIFT_OBJC_BRIDGING_HEADER = "";
				TARGETED_DEVICE_FAMILY = "1,2";
			};
			name = Release;
		};
		37AE68A01C2DF38C00A02DF0 /* Debug */ = {
			isa = XCBuildConfiguration;
			buildSettings = {
				BUNDLE_LOADER = "$(TEST_HOST)";
				INFOPLIST_FILE = LosAltosHacksTests/Info.plist;
				LD_RUNPATH_SEARCH_PATHS = "$(inherited) @executable_path/Frameworks @loader_path/Frameworks";
				PRODUCT_BUNDLE_IDENTIFIER = me.dvappel.LosAltosHacksTests;
				PRODUCT_NAME = "$(TARGET_NAME)";
				TEST_HOST = "$(BUILT_PRODUCTS_DIR)/LosAltosHacks.app/LosAltosHacks";
			};
			name = Debug;
		};
		37AE68A11C2DF38C00A02DF0 /* Release */ = {
			isa = XCBuildConfiguration;
			buildSettings = {
				BUNDLE_LOADER = "$(TEST_HOST)";
				INFOPLIST_FILE = LosAltosHacksTests/Info.plist;
				LD_RUNPATH_SEARCH_PATHS = "$(inherited) @executable_path/Frameworks @loader_path/Frameworks";
				PRODUCT_BUNDLE_IDENTIFIER = me.dvappel.LosAltosHacksTests;
				PRODUCT_NAME = "$(TARGET_NAME)";
				TEST_HOST = "$(BUILT_PRODUCTS_DIR)/LosAltosHacks.app/LosAltosHacks";
			};
			name = Release;
		};
/* End XCBuildConfiguration section */

/* Begin XCConfigurationList section */
		37AE687A1C2DF38C00A02DF0 /* Build configuration list for PBXProject "LosAltosHacks" */ = {
			isa = XCConfigurationList;
			buildConfigurations = (
				37AE689A1C2DF38C00A02DF0 /* Debug */,
				37AE689B1C2DF38C00A02DF0 /* Release */,
			);
			defaultConfigurationIsVisible = 0;
			defaultConfigurationName = Release;
		};
		37AE689C1C2DF38C00A02DF0 /* Build configuration list for PBXNativeTarget "LosAltosHacks" */ = {
			isa = XCConfigurationList;
			buildConfigurations = (
				37AE689D1C2DF38C00A02DF0 /* Debug */,
				37AE689E1C2DF38C00A02DF0 /* Release */,
			);
			defaultConfigurationIsVisible = 0;
			defaultConfigurationName = Release;
		};
		37AE689F1C2DF38C00A02DF0 /* Build configuration list for PBXNativeTarget "LosAltosHacksTests" */ = {
			isa = XCConfigurationList;
			buildConfigurations = (
				37AE68A01C2DF38C00A02DF0 /* Debug */,
				37AE68A11C2DF38C00A02DF0 /* Release */,
			);
			defaultConfigurationIsVisible = 0;
			defaultConfigurationName = Release;
		};
/* End XCConfigurationList section */
	};
	rootObject = 37AE68771C2DF38C00A02DF0 /* Project object */;
}
