// !$*UTF8*$!
{
	archiveVersion = 1;
	classes = {
	};
	objectVersion = 46;
	objects = {

/* Begin PBXBuildFile section */
		141012D71C3F86B900706495 /* Event.swift in Sources */ = {isa = PBXBuildFile; fileRef = 141012D61C3F86B900706495 /* Event.swift */; };
		141012E41C3F92B800706495 /* ScheduleTableViewCell.swift in Sources */ = {isa = PBXBuildFile; fileRef = 141012E31C3F92B800706495 /* ScheduleTableViewCell.swift */; };
		370D861D1C503398004DB90B /* JSONConvertible.swift in Sources */ = {isa = PBXBuildFile; fileRef = 370D861C1C503398004DB90B /* JSONConvertible.swift */; };
		370E60651C4F6608001B8324 /* Cacheable.swift in Sources */ = {isa = PBXBuildFile; fileRef = 370E60641C4F6608001B8324 /* Cacheable.swift */; };
		375790421C502197004A29D1 /* Sortable.swift in Sources */ = {isa = PBXBuildFile; fileRef = 375790411C502197004A29D1 /* Sortable.swift */; };
		376736931E127CA900552720 /* GoogleService-Info.plist in Resources */ = {isa = PBXBuildFile; fileRef = 376736921E127CA900552720 /* GoogleService-Info.plist */; };
		376736A51E127F5100552720 /* Firebase.framework in Frameworks */ = {isa = PBXBuildFile; fileRef = 376736A41E127F5100552720 /* Firebase.framework */; };
		376736A71E127F6C00552720 /* FirebaseAnalytics.framework in Frameworks */ = {isa = PBXBuildFile; fileRef = 376736A61E127F6C00552720 /* FirebaseAnalytics.framework */; };
		376736A91E127F9300552720 /* FirebaseInstanceID.framework in Frameworks */ = {isa = PBXBuildFile; fileRef = 376736A81E127F9300552720 /* FirebaseInstanceID.framework */; };
		376736AB1E127FAC00552720 /* GoogleUtilities.framework in Frameworks */ = {isa = PBXBuildFile; fileRef = 376736AA1E127FAC00552720 /* GoogleUtilities.framework */; };
		376736AD1E127FB300552720 /* GoogleSymbolUtilities.framework in Frameworks */ = {isa = PBXBuildFile; fileRef = 376736AC1E127FB300552720 /* GoogleSymbolUtilities.framework */; };
		376736AF1E127FC100552720 /* GoogleInterchangeUtilities.framework in Frameworks */ = {isa = PBXBuildFile; fileRef = 376736AE1E127FC100552720 /* GoogleInterchangeUtilities.framework */; };
		376736B11E12829700552720 /* FirebaseDatabase.framework in Frameworks */ = {isa = PBXBuildFile; fileRef = 376736B01E12829700552720 /* FirebaseDatabase.framework */; };
		376736B31E12835A00552720 /* FirebaseManager.swift in Sources */ = {isa = PBXBuildFile; fileRef = 376736B21E12835A00552720 /* FirebaseManager.swift */; };
		378CE00B1C4EE8F3005D5E3D /* Assets.xcassets in Resources */ = {isa = PBXBuildFile; fileRef = 37AE68891C2DF38C00A02DF0 /* Assets.xcassets */; };
		3795756F1C3941C000C4DFB5 /* Extensions.swift in Sources */ = {isa = PBXBuildFile; fileRef = 3795756E1C3941C000C4DFB5 /* Extensions.swift */; };
		37977A9F1C3FD22E003869F0 /* SocialMedia.swift in Sources */ = {isa = PBXBuildFile; fileRef = 37977A9E1C3FD22E003869F0 /* SocialMedia.swift */; };
		37977AAC1C3FD658003869F0 /* Constants.swift in Sources */ = {isa = PBXBuildFile; fileRef = 37977AAB1C3FD658003869F0 /* Constants.swift */; };
		37A274C71C55675A003F8535 /* Settings.bundle in Resources */ = {isa = PBXBuildFile; fileRef = 37A274C61C55675A003F8535 /* Settings.bundle */; };
		37A274D51C556ADD003F8535 /* generate-licenses.py in Resources */ = {isa = PBXBuildFile; fileRef = 37A274D41C556ADD003F8535 /* generate-licenses.py */; };
		37AE68831C2DF38C00A02DF0 /* AppDelegate.swift in Sources */ = {isa = PBXBuildFile; fileRef = 37AE68821C2DF38C00A02DF0 /* AppDelegate.swift */; };
		37AE68881C2DF38C00A02DF0 /* Main.storyboard in Resources */ = {isa = PBXBuildFile; fileRef = 37AE68861C2DF38C00A02DF0 /* Main.storyboard */; };
		37AE688D1C2DF38C00A02DF0 /* LaunchScreen.storyboard in Resources */ = {isa = PBXBuildFile; fileRef = 37AE688B1C2DF38C00A02DF0 /* LaunchScreen.storyboard */; };
		37AE68981C2DF38C00A02DF0 /* LosAltosHacksTests.swift in Sources */ = {isa = PBXBuildFile; fileRef = 37AE68971C2DF38C00A02DF0 /* LosAltosHacksTests.swift */; };
		37AE68B61C2DFFE600A02DF0 /* UpdatesViewController.swift in Sources */ = {isa = PBXBuildFile; fileRef = 37AE68B51C2DFFE600A02DF0 /* UpdatesViewController.swift */; };
		37AE68BA1C2E000300A02DF0 /* DashboardViewController.swift in Sources */ = {isa = PBXBuildFile; fileRef = 37AE68B91C2E000300A02DF0 /* DashboardViewController.swift */; };
		37AE68BC1C2E001200A02DF0 /* ScheduleViewController.swift in Sources */ = {isa = PBXBuildFile; fileRef = 37AE68BB1C2E001200A02DF0 /* ScheduleViewController.swift */; };
		37C182C41C3AAC8500D931EC /* LAHPreferredDisplay.swift in Sources */ = {isa = PBXBuildFile; fileRef = 37C182C31C3AAC8500D931EC /* LAHPreferredDisplay.swift */; };
		37CCFE841C31E60800998CB1 /* MentorView.swift in Sources */ = {isa = PBXBuildFile; fileRef = 37CCFE831C31E60800998CB1 /* MentorView.swift */; };
		37CCFE8A1C31E86000998CB1 /* SlackButton.swift in Sources */ = {isa = PBXBuildFile; fileRef = 37CCFE891C31E86000998CB1 /* SlackButton.swift */; };
		37CCFE921C31EE0800998CB1 /* Update.swift in Sources */ = {isa = PBXBuildFile; fileRef = 37CCFE911C31EE0800998CB1 /* Update.swift */; };
		37CCFE941C31EF9F00998CB1 /* UpdateTableViewCell.swift in Sources */ = {isa = PBXBuildFile; fileRef = 37CCFE931C31EF9F00998CB1 /* UpdateTableViewCell.swift */; };
		37CCFE961C31F09400998CB1 /* BaseViewController.swift in Sources */ = {isa = PBXBuildFile; fileRef = 37CCFE951C31F09400998CB1 /* BaseViewController.swift */; };
		37DC10791C51BBD500AFB816 /* Tag.swift in Sources */ = {isa = PBXBuildFile; fileRef = 37DC10781C51BBD500AFB816 /* Tag.swift */; };
		D00D96811C4382BF00D9A912 /* TimeLeftView.swift in Sources */ = {isa = PBXBuildFile; fileRef = D00D96801C4382BF00D9A912 /* TimeLeftView.swift */; };
		D00D968E1C44CD7C00D9A912 /* UpcomingEventView.swift in Sources */ = {isa = PBXBuildFile; fileRef = D00D968D1C44CD7C00D9A912 /* UpcomingEventView.swift */; };
		D093A77F1C370CB400570708 /* ProgressView.swift in Sources */ = {isa = PBXBuildFile; fileRef = D093A77E1C370CB400570708 /* ProgressView.swift */; };
		D093A79F1C3731CF00570708 /* TopView.swift in Sources */ = {isa = PBXBuildFile; fileRef = D093A79E1C3731CF00570708 /* TopView.swift */; };
		D093A7A11C37499800570708 /* SocialMediaView.swift in Sources */ = {isa = PBXBuildFile; fileRef = D093A7A01C37499800570708 /* SocialMediaView.swift */; };
		D093A7B91C3B6FF900570708 /* MapViewController.swift in Sources */ = {isa = PBXBuildFile; fileRef = D093A7B81C3B6FF900570708 /* MapViewController.swift */; };
		D0D5CCEC1C543CCA00D6D2A9 /* CampusViewController.swift in Sources */ = {isa = PBXBuildFile; fileRef = D0D5CCEB1C543CCA00D6D2A9 /* CampusViewController.swift */; };
/* End PBXBuildFile section */

/* Begin PBXContainerItemProxy section */
		37AE68941C2DF38C00A02DF0 /* PBXContainerItemProxy */ = {
			isa = PBXContainerItemProxy;
			containerPortal = 37AE68771C2DF38C00A02DF0 /* Project object */;
			proxyType = 1;
			remoteGlobalIDString = 37AE687E1C2DF38C00A02DF0;
			remoteInfo = LosAltosHacks;
		};
		37F4396E1E126C7A008A5A4E /* PBXContainerItemProxy */ = {
			isa = PBXContainerItemProxy;
			containerPortal = 37F439631E126C7A008A5A4E /* Alamofire.xcodeproj */;
			proxyType = 2;
			remoteGlobalIDString = F8111E3319A95C8B0040E7D1;
			remoteInfo = "Alamofire iOS";
		};
		37F439701E126C7A008A5A4E /* PBXContainerItemProxy */ = {
			isa = PBXContainerItemProxy;
			containerPortal = 37F439631E126C7A008A5A4E /* Alamofire.xcodeproj */;
			proxyType = 2;
			remoteGlobalIDString = F8111E3E19A95C8B0040E7D1;
			remoteInfo = "Alamofire iOS Tests";
		};
		37F439721E126C7A008A5A4E /* PBXContainerItemProxy */ = {
			isa = PBXContainerItemProxy;
			containerPortal = 37F439631E126C7A008A5A4E /* Alamofire.xcodeproj */;
			proxyType = 2;
			remoteGlobalIDString = 4DD67C0B1A5C55C900ED2280;
			remoteInfo = "Alamofire macOS";
		};
		37F439741E126C7A008A5A4E /* PBXContainerItemProxy */ = {
			isa = PBXContainerItemProxy;
			containerPortal = 37F439631E126C7A008A5A4E /* Alamofire.xcodeproj */;
			proxyType = 2;
			remoteGlobalIDString = F829C6B21A7A94F100A2CD59;
			remoteInfo = "Alamofire macOS Tests";
		};
		37F439761E126C7A008A5A4E /* PBXContainerItemProxy */ = {
			isa = PBXContainerItemProxy;
			containerPortal = 37F439631E126C7A008A5A4E /* Alamofire.xcodeproj */;
			proxyType = 2;
			remoteGlobalIDString = 4CF626EF1BA7CB3E0011A099;
			remoteInfo = "Alamofire tvOS";
		};
		37F439781E126C7A008A5A4E /* PBXContainerItemProxy */ = {
			isa = PBXContainerItemProxy;
			containerPortal = 37F439631E126C7A008A5A4E /* Alamofire.xcodeproj */;
			proxyType = 2;
			remoteGlobalIDString = 4CF626F81BA7CB3E0011A099;
			remoteInfo = "Alamofire tvOS Tests";
		};
		37F4397A1E126C7A008A5A4E /* PBXContainerItemProxy */ = {
			isa = PBXContainerItemProxy;
			containerPortal = 37F439631E126C7A008A5A4E /* Alamofire.xcodeproj */;
			proxyType = 2;
			remoteGlobalIDString = E4202FE01B667AA100C997FB;
			remoteInfo = "Alamofire watchOS";
		};
		37F4398A1E126C83008A5A4E /* PBXContainerItemProxy */ = {
			isa = PBXContainerItemProxy;
			containerPortal = 37F439851E126C83008A5A4E /* SnapKit.xcodeproj */;
			proxyType = 2;
			remoteGlobalIDString = EEBCC9D819CC627D0083B827;
			remoteInfo = SnapKit;
		};
		37F4398C1E126C83008A5A4E /* PBXContainerItemProxy */ = {
			isa = PBXContainerItemProxy;
			containerPortal = 37F439851E126C83008A5A4E /* SnapKit.xcodeproj */;
			proxyType = 2;
			remoteGlobalIDString = EEBCC9E219CC627E0083B827;
			remoteInfo = "SnapKit Tests";
		};
		37F4398E1E126C8D008A5A4E /* PBXContainerItemProxy */ = {
			isa = PBXContainerItemProxy;
			containerPortal = 37F439851E126C83008A5A4E /* SnapKit.xcodeproj */;
			proxyType = 1;
			remoteGlobalIDString = EEBCC9D719CC627D0083B827;
			remoteInfo = SnapKit;
		};
		37F439921E126C93008A5A4E /* PBXContainerItemProxy */ = {
			isa = PBXContainerItemProxy;
			containerPortal = 37F439631E126C7A008A5A4E /* Alamofire.xcodeproj */;
			proxyType = 1;
			remoteGlobalIDString = F8111E3219A95C8B0040E7D1;
			remoteInfo = "Alamofire iOS";
		};
/* End PBXContainerItemProxy section */

/* Begin PBXCopyFilesBuildPhase section */
		D019F5C31C4DCEAC00D5D9A4 /* Embed Frameworks */ = {
			isa = PBXCopyFilesBuildPhase;
			buildActionMask = 2147483647;
			dstPath = "";
			dstSubfolderSpec = 10;
			files = (
			);
			name = "Embed Frameworks";
			runOnlyForDeploymentPostprocessing = 0;
		};
/* End PBXCopyFilesBuildPhase section */

/* Begin PBXFileReference section */
		141012D61C3F86B900706495 /* Event.swift */ = {isa = PBXFileReference; fileEncoding = 4; lastKnownFileType = sourcecode.swift; path = Event.swift; sourceTree = "<group>"; };
		141012E31C3F92B800706495 /* ScheduleTableViewCell.swift */ = {isa = PBXFileReference; fileEncoding = 4; lastKnownFileType = sourcecode.swift; path = ScheduleTableViewCell.swift; sourceTree = "<group>"; };
		370D861C1C503398004DB90B /* JSONConvertible.swift */ = {isa = PBXFileReference; fileEncoding = 4; lastKnownFileType = sourcecode.swift; path = JSONConvertible.swift; sourceTree = "<group>"; };
		370E60641C4F6608001B8324 /* Cacheable.swift */ = {isa = PBXFileReference; fileEncoding = 4; lastKnownFileType = sourcecode.swift; path = Cacheable.swift; sourceTree = "<group>"; };
		375790411C502197004A29D1 /* Sortable.swift */ = {isa = PBXFileReference; fileEncoding = 4; lastKnownFileType = sourcecode.swift; path = Sortable.swift; sourceTree = "<group>"; };
		376736921E127CA900552720 /* GoogleService-Info.plist */ = {isa = PBXFileReference; fileEncoding = 4; lastKnownFileType = text.plist.xml; path = "GoogleService-Info.plist"; sourceTree = "<group>"; };
		3767369F1E127E4A00552720 /* Firebase.framework */ = {isa = PBXFileReference; lastKnownFileType = wrapper.framework; name = Firebase.framework; path = Carthage/Build/iOS/Firebase.framework; sourceTree = "<group>"; };
		376736A11E127EFE00552720 /* FirebaseAnalytics.framework */ = {isa = PBXFileReference; lastKnownFileType = wrapper.framework; name = FirebaseAnalytics.framework; path = Carthage/Build/iOS/FirebaseAnalytics.framework; sourceTree = "<group>"; };
		376736A41E127F5100552720 /* Firebase.framework */ = {isa = PBXFileReference; lastKnownFileType = wrapper.framework; name = Firebase.framework; path = Carthage/Build/iOS/Firebase.framework; sourceTree = "<group>"; };
		376736A61E127F6C00552720 /* FirebaseAnalytics.framework */ = {isa = PBXFileReference; lastKnownFileType = wrapper.framework; name = FirebaseAnalytics.framework; path = Carthage/Build/iOS/FirebaseAnalytics.framework; sourceTree = "<group>"; };
		376736A81E127F9300552720 /* FirebaseInstanceID.framework */ = {isa = PBXFileReference; lastKnownFileType = wrapper.framework; name = FirebaseInstanceID.framework; path = Carthage/Build/iOS/FirebaseInstanceID.framework; sourceTree = "<group>"; };
		376736AA1E127FAC00552720 /* GoogleUtilities.framework */ = {isa = PBXFileReference; lastKnownFileType = wrapper.framework; name = GoogleUtilities.framework; path = Carthage/Build/iOS/GoogleUtilities.framework; sourceTree = "<group>"; };
		376736AC1E127FB300552720 /* GoogleSymbolUtilities.framework */ = {isa = PBXFileReference; lastKnownFileType = wrapper.framework; name = GoogleSymbolUtilities.framework; path = Carthage/Build/iOS/GoogleSymbolUtilities.framework; sourceTree = "<group>"; };
		376736AE1E127FC100552720 /* GoogleInterchangeUtilities.framework */ = {isa = PBXFileReference; lastKnownFileType = wrapper.framework; name = GoogleInterchangeUtilities.framework; path = Carthage/Build/iOS/GoogleInterchangeUtilities.framework; sourceTree = "<group>"; };
		376736B01E12829700552720 /* FirebaseDatabase.framework */ = {isa = PBXFileReference; lastKnownFileType = wrapper.framework; name = FirebaseDatabase.framework; path = Carthage/Build/iOS/FirebaseDatabase.framework; sourceTree = "<group>"; };
		376736B21E12835A00552720 /* FirebaseManager.swift */ = {isa = PBXFileReference; fileEncoding = 4; lastKnownFileType = sourcecode.swift; path = FirebaseManager.swift; sourceTree = "<group>"; };
		376E80651E3854CA00249591 /* LAH.entitlements */ = {isa = PBXFileReference; lastKnownFileType = text.plist.entitlements; path = LAH.entitlements; sourceTree = "<group>"; };
		3795756E1C3941C000C4DFB5 /* Extensions.swift */ = {isa = PBXFileReference; fileEncoding = 4; lastKnownFileType = sourcecode.swift; path = Extensions.swift; sourceTree = "<group>"; };
		37977A9E1C3FD22E003869F0 /* SocialMedia.swift */ = {isa = PBXFileReference; fileEncoding = 4; lastKnownFileType = sourcecode.swift; path = SocialMedia.swift; sourceTree = "<group>"; };
		37977AAB1C3FD658003869F0 /* Constants.swift */ = {isa = PBXFileReference; fileEncoding = 4; lastKnownFileType = sourcecode.swift; path = Constants.swift; sourceTree = "<group>"; };
		37A274C61C55675A003F8535 /* Settings.bundle */ = {isa = PBXFileReference; lastKnownFileType = "wrapper.plug-in"; path = Settings.bundle; sourceTree = "<group>"; };
		37A274D41C556ADD003F8535 /* generate-licenses.py */ = {isa = PBXFileReference; fileEncoding = 4; lastKnownFileType = text.script.python; path = "generate-licenses.py"; sourceTree = "<group>"; };
		37AE687F1C2DF38C00A02DF0 /* LAH.app */ = {isa = PBXFileReference; explicitFileType = wrapper.application; includeInIndex = 0; path = LAH.app; sourceTree = BUILT_PRODUCTS_DIR; };
		37AE68821C2DF38C00A02DF0 /* AppDelegate.swift */ = {isa = PBXFileReference; lastKnownFileType = sourcecode.swift; path = AppDelegate.swift; sourceTree = "<group>"; };
		37AE68871C2DF38C00A02DF0 /* Base */ = {isa = PBXFileReference; lastKnownFileType = file.storyboard; name = Base; path = Base.lproj/Main.storyboard; sourceTree = "<group>"; };
		37AE68891C2DF38C00A02DF0 /* Assets.xcassets */ = {isa = PBXFileReference; lastKnownFileType = folder.assetcatalog; path = Assets.xcassets; sourceTree = "<group>"; };
		37AE688C1C2DF38C00A02DF0 /* Base */ = {isa = PBXFileReference; lastKnownFileType = file.storyboard; name = Base; path = Base.lproj/LaunchScreen.storyboard; sourceTree = "<group>"; };
		37AE688E1C2DF38C00A02DF0 /* Info.plist */ = {isa = PBXFileReference; lastKnownFileType = text.plist.xml; path = Info.plist; sourceTree = "<group>"; };
		37AE68931C2DF38C00A02DF0 /* LosAltosHacksTests.xctest */ = {isa = PBXFileReference; explicitFileType = wrapper.cfbundle; includeInIndex = 0; path = LosAltosHacksTests.xctest; sourceTree = BUILT_PRODUCTS_DIR; };
		37AE68971C2DF38C00A02DF0 /* LosAltosHacksTests.swift */ = {isa = PBXFileReference; lastKnownFileType = sourcecode.swift; path = LosAltosHacksTests.swift; sourceTree = "<group>"; };
		37AE68991C2DF38C00A02DF0 /* Info.plist */ = {isa = PBXFileReference; lastKnownFileType = text.plist.xml; path = Info.plist; sourceTree = "<group>"; };
		37AE68B51C2DFFE600A02DF0 /* UpdatesViewController.swift */ = {isa = PBXFileReference; fileEncoding = 4; lastKnownFileType = sourcecode.swift; path = UpdatesViewController.swift; sourceTree = "<group>"; };
		37AE68B91C2E000300A02DF0 /* DashboardViewController.swift */ = {isa = PBXFileReference; fileEncoding = 4; lastKnownFileType = sourcecode.swift; path = DashboardViewController.swift; sourceTree = "<group>"; };
		37AE68BB1C2E001200A02DF0 /* ScheduleViewController.swift */ = {isa = PBXFileReference; fileEncoding = 4; lastKnownFileType = sourcecode.swift; path = ScheduleViewController.swift; sourceTree = "<group>"; };
		37C182C31C3AAC8500D931EC /* LAHPreferredDisplay.swift */ = {isa = PBXFileReference; fileEncoding = 4; lastKnownFileType = sourcecode.swift; path = LAHPreferredDisplay.swift; sourceTree = "<group>"; };
		37CCFE831C31E60800998CB1 /* MentorView.swift */ = {isa = PBXFileReference; fileEncoding = 4; lastKnownFileType = sourcecode.swift; path = MentorView.swift; sourceTree = "<group>"; };
		37CCFE891C31E86000998CB1 /* SlackButton.swift */ = {isa = PBXFileReference; fileEncoding = 4; lastKnownFileType = sourcecode.swift; path = SlackButton.swift; sourceTree = "<group>"; };
		37CCFE911C31EE0800998CB1 /* Update.swift */ = {isa = PBXFileReference; fileEncoding = 4; lastKnownFileType = sourcecode.swift; path = Update.swift; sourceTree = "<group>"; };
		37CCFE931C31EF9F00998CB1 /* UpdateTableViewCell.swift */ = {isa = PBXFileReference; fileEncoding = 4; lastKnownFileType = sourcecode.swift; path = UpdateTableViewCell.swift; sourceTree = "<group>"; };
		37CCFE951C31F09400998CB1 /* BaseViewController.swift */ = {isa = PBXFileReference; fileEncoding = 4; lastKnownFileType = sourcecode.swift; path = BaseViewController.swift; sourceTree = "<group>"; };
		37DC10781C51BBD500AFB816 /* Tag.swift */ = {isa = PBXFileReference; fileEncoding = 4; lastKnownFileType = sourcecode.swift; path = Tag.swift; sourceTree = "<group>"; };
		37F439631E126C7A008A5A4E /* Alamofire.xcodeproj */ = {isa = PBXFileReference; lastKnownFileType = "wrapper.pb-project"; name = Alamofire.xcodeproj; path = Carthage/Checkouts/Alamofire/Alamofire.xcodeproj; sourceTree = "<group>"; };
		37F439851E126C83008A5A4E /* SnapKit.xcodeproj */ = {isa = PBXFileReference; lastKnownFileType = "wrapper.pb-project"; name = SnapKit.xcodeproj; path = Carthage/Checkouts/SnapKit/SnapKit.xcodeproj; sourceTree = "<group>"; };
		D00D96801C4382BF00D9A912 /* TimeLeftView.swift */ = {isa = PBXFileReference; fileEncoding = 4; lastKnownFileType = sourcecode.swift; lineEnding = 0; path = TimeLeftView.swift; sourceTree = "<group>"; xcLanguageSpecificationIdentifier = xcode.lang.swift; };
		D00D968D1C44CD7C00D9A912 /* UpcomingEventView.swift */ = {isa = PBXFileReference; fileEncoding = 4; lastKnownFileType = sourcecode.swift; path = UpcomingEventView.swift; sourceTree = "<group>"; };
		D093A77E1C370CB400570708 /* ProgressView.swift */ = {isa = PBXFileReference; fileEncoding = 4; lastKnownFileType = sourcecode.swift; lineEnding = 0; path = ProgressView.swift; sourceTree = "<group>"; xcLanguageSpecificationIdentifier = xcode.lang.swift; };
		D093A79E1C3731CF00570708 /* TopView.swift */ = {isa = PBXFileReference; fileEncoding = 4; lastKnownFileType = sourcecode.swift; path = TopView.swift; sourceTree = "<group>"; };
		D093A7A01C37499800570708 /* SocialMediaView.swift */ = {isa = PBXFileReference; fileEncoding = 4; lastKnownFileType = sourcecode.swift; path = SocialMediaView.swift; sourceTree = "<group>"; };
		D093A7B81C3B6FF900570708 /* MapViewController.swift */ = {isa = PBXFileReference; fileEncoding = 4; lastKnownFileType = sourcecode.swift; path = MapViewController.swift; sourceTree = "<group>"; };
		D0D5CCEB1C543CCA00D6D2A9 /* CampusViewController.swift */ = {isa = PBXFileReference; fileEncoding = 4; lastKnownFileType = sourcecode.swift; path = CampusViewController.swift; sourceTree = "<group>"; };
/* End PBXFileReference section */

/* Begin PBXFrameworksBuildPhase section */
		37AE687C1C2DF38C00A02DF0 /* Frameworks */ = {
			isa = PBXFrameworksBuildPhase;
			buildActionMask = 2147483647;
			files = (
				376736B11E12829700552720 /* FirebaseDatabase.framework in Frameworks */,
				376736A71E127F6C00552720 /* FirebaseAnalytics.framework in Frameworks */,
				376736A91E127F9300552720 /* FirebaseInstanceID.framework in Frameworks */,
				376736AD1E127FB300552720 /* GoogleSymbolUtilities.framework in Frameworks */,
				376736AF1E127FC100552720 /* GoogleInterchangeUtilities.framework in Frameworks */,
				376736AB1E127FAC00552720 /* GoogleUtilities.framework in Frameworks */,
				376736A51E127F5100552720 /* Firebase.framework in Frameworks */,
			);
			runOnlyForDeploymentPostprocessing = 0;
		};
		37AE68901C2DF38C00A02DF0 /* Frameworks */ = {
			isa = PBXFrameworksBuildPhase;
			buildActionMask = 2147483647;
			files = (
			);
			runOnlyForDeploymentPostprocessing = 0;
		};
/* End PBXFrameworksBuildPhase section */

/* Begin PBXGroup section */
		3767369E1E127E4A00552720 /* Frameworks */ = {
			isa = PBXGroup;
			children = (
				376736A11E127EFE00552720 /* FirebaseAnalytics.framework */,
				3767369F1E127E4A00552720 /* Firebase.framework */,
			);
			name = Frameworks;
			sourceTree = "<group>";
		};
		376736A31E127F3600552720 /* Firebase */ = {
			isa = PBXGroup;
			children = (
				376736A41E127F5100552720 /* Firebase.framework */,
				376736B01E12829700552720 /* FirebaseDatabase.framework */,
				376736A61E127F6C00552720 /* FirebaseAnalytics.framework */,
				376736A81E127F9300552720 /* FirebaseInstanceID.framework */,
				376736AE1E127FC100552720 /* GoogleInterchangeUtilities.framework */,
				376736AC1E127FB300552720 /* GoogleSymbolUtilities.framework */,
				376736AA1E127FAC00552720 /* GoogleUtilities.framework */,
			);
			name = Firebase;
			sourceTree = "<group>";
		};
		3795756D1C3941C000C4DFB5 /* Misc */ = {
			isa = PBXGroup;
			children = (
				3795756E1C3941C000C4DFB5 /* Extensions.swift */,
				37977AAB1C3FD658003869F0 /* Constants.swift */,
				37C182C31C3AAC8500D931EC /* LAHPreferredDisplay.swift */,
				37977A9E1C3FD22E003869F0 /* SocialMedia.swift */,
				37DC10781C51BBD500AFB816 /* Tag.swift */,
			);
			path = Misc;
			sourceTree = "<group>";
		};
		37AE68761C2DF38C00A02DF0 = {
			isa = PBXGroup;
			children = (
				37DB46E41E126C3C00BF5D33 /* Dependencies */,
				37AE68811C2DF38C00A02DF0 /* LosAltosHacks */,
				37AE68961C2DF38C00A02DF0 /* LosAltosHacksTests */,
				37AE68801C2DF38C00A02DF0 /* Products */,
				3767369E1E127E4A00552720 /* Frameworks */,
			);
			sourceTree = "<group>";
		};
		37AE68801C2DF38C00A02DF0 /* Products */ = {
			isa = PBXGroup;
			children = (
				37AE687F1C2DF38C00A02DF0 /* LAH.app */,
				37AE68931C2DF38C00A02DF0 /* LosAltosHacksTests.xctest */,
			);
			name = Products;
			sourceTree = "<group>";
		};
		37AE68811C2DF38C00A02DF0 /* LosAltosHacks */ = {
			isa = PBXGroup;
			children = (
				3795756D1C3941C000C4DFB5 /* Misc */,
				37CCFE8D1C31EDFF00998CB1 /* Models */,
				D093A7481C2F84CD00570708 /* Views */,
				37AE68B31C2DFFA200A02DF0 /* Controllers */,
				37AE68861C2DF38C00A02DF0 /* Main.storyboard */,
				37AE68B41C2DFFAB00A02DF0 /* Supporting Files */,
				37A274D41C556ADD003F8535 /* generate-licenses.py */,
			);
			path = LosAltosHacks;
			sourceTree = "<group>";
		};
		37AE68961C2DF38C00A02DF0 /* LosAltosHacksTests */ = {
			isa = PBXGroup;
			children = (
				37AE68971C2DF38C00A02DF0 /* LosAltosHacksTests.swift */,
				37AE68991C2DF38C00A02DF0 /* Info.plist */,
			);
			path = LosAltosHacksTests;
			sourceTree = "<group>";
		};
		37AE68B31C2DFFA200A02DF0 /* Controllers */ = {
			isa = PBXGroup;
			children = (
				37CCFE951C31F09400998CB1 /* BaseViewController.swift */,
				37AE68B91C2E000300A02DF0 /* DashboardViewController.swift */,
				37AE68BB1C2E001200A02DF0 /* ScheduleViewController.swift */,
				37AE68B51C2DFFE600A02DF0 /* UpdatesViewController.swift */,
				D093A7B81C3B6FF900570708 /* MapViewController.swift */,
				D0D5CCEB1C543CCA00D6D2A9 /* CampusViewController.swift */,
			);
			path = Controllers;
			sourceTree = "<group>";
		};
		37AE68B41C2DFFAB00A02DF0 /* Supporting Files */ = {
			isa = PBXGroup;
			children = (
				37AE68821C2DF38C00A02DF0 /* AppDelegate.swift */,
				37AE68891C2DF38C00A02DF0 /* Assets.xcassets */,
				37AE688B1C2DF38C00A02DF0 /* LaunchScreen.storyboard */,
				37AE688E1C2DF38C00A02DF0 /* Info.plist */,
				376736921E127CA900552720 /* GoogleService-Info.plist */,
				37A274C61C55675A003F8535 /* Settings.bundle */,
				376E80651E3854CA00249591 /* LAH.entitlements */,
			);
			name = "Supporting Files";
			sourceTree = "<group>";
		};
		37CCFE8D1C31EDFF00998CB1 /* Models */ = {
			isa = PBXGroup;
			children = (
				376736B21E12835A00552720 /* FirebaseManager.swift */,
				370E60641C4F6608001B8324 /* Cacheable.swift */,
				370D861C1C503398004DB90B /* JSONConvertible.swift */,
				375790411C502197004A29D1 /* Sortable.swift */,
				37CCFE911C31EE0800998CB1 /* Update.swift */,
				141012D61C3F86B900706495 /* Event.swift */,
			);
			path = Models;
			sourceTree = "<group>";
		};
		37DB46E41E126C3C00BF5D33 /* Dependencies */ = {
			isa = PBXGroup;
			children = (
				376736A31E127F3600552720 /* Firebase */,
				37F439851E126C83008A5A4E /* SnapKit.xcodeproj */,
				37F439631E126C7A008A5A4E /* Alamofire.xcodeproj */,
			);
			name = Dependencies;
			sourceTree = "<group>";
		};
		37F439641E126C7A008A5A4E /* Products */ = {
			isa = PBXGroup;
			children = (
				37F4396F1E126C7A008A5A4E /* Alamofire.framework */,
				37F439711E126C7A008A5A4E /* Alamofire iOS Tests.xctest */,
				37F439731E126C7A008A5A4E /* Alamofire.framework */,
				37F439751E126C7A008A5A4E /* Alamofire macOS Tests.xctest */,
				37F439771E126C7A008A5A4E /* Alamofire.framework */,
				37F439791E126C7A008A5A4E /* Alamofire tvOS Tests.xctest */,
				37F4397B1E126C7A008A5A4E /* Alamofire.framework */,
			);
			name = Products;
			sourceTree = "<group>";
		};
		37F439861E126C83008A5A4E /* Products */ = {
			isa = PBXGroup;
			children = (
				37F4398B1E126C83008A5A4E /* SnapKit.framework */,
				37F4398D1E126C83008A5A4E /* SnapKit Tests.xctest */,
			);
			name = Products;
			sourceTree = "<group>";
		};
		D093A7481C2F84CD00570708 /* Views */ = {
			isa = PBXGroup;
			children = (
				D093A79E1C3731CF00570708 /* TopView.swift */,
				37CCFE831C31E60800998CB1 /* MentorView.swift */,
				D00D96801C4382BF00D9A912 /* TimeLeftView.swift */,
				37CCFE891C31E86000998CB1 /* SlackButton.swift */,
				37CCFE931C31EF9F00998CB1 /* UpdateTableViewCell.swift */,
				141012E31C3F92B800706495 /* ScheduleTableViewCell.swift */,
				D093A77E1C370CB400570708 /* ProgressView.swift */,
				D093A7A01C37499800570708 /* SocialMediaView.swift */,
				D00D968D1C44CD7C00D9A912 /* UpcomingEventView.swift */,
			);
			path = Views;
			sourceTree = "<group>";
		};
/* End PBXGroup section */

/* Begin PBXNativeTarget section */
		37AE687E1C2DF38C00A02DF0 /* LosAltosHacks */ = {
			isa = PBXNativeTarget;
			buildConfigurationList = 37AE689C1C2DF38C00A02DF0 /* Build configuration list for PBXNativeTarget "LosAltosHacks" */;
			buildPhases = (
				37AE687B1C2DF38C00A02DF0 /* Sources */,
				37AE687C1C2DF38C00A02DF0 /* Frameworks */,
				37AE687D1C2DF38C00A02DF0 /* Resources */,
				D019F5C31C4DCEAC00D5D9A4 /* Embed Frameworks */,
				37A274D31C556A6A003F8535 /* ShellScript */,
			);
			buildRules = (
			);
			dependencies = (
				37F439931E126C93008A5A4E /* PBXTargetDependency */,
				37F4398F1E126C8D008A5A4E /* PBXTargetDependency */,
			);
			name = LosAltosHacks;
			productName = LosAltosHacks;
			productReference = 37AE687F1C2DF38C00A02DF0 /* LAH.app */;
			productType = "com.apple.product-type.application";
		};
		37AE68921C2DF38C00A02DF0 /* LosAltosHacksTests */ = {
			isa = PBXNativeTarget;
			buildConfigurationList = 37AE689F1C2DF38C00A02DF0 /* Build configuration list for PBXNativeTarget "LosAltosHacksTests" */;
			buildPhases = (
				37AE688F1C2DF38C00A02DF0 /* Sources */,
				37AE68901C2DF38C00A02DF0 /* Frameworks */,
				37AE68911C2DF38C00A02DF0 /* Resources */,
			);
			buildRules = (
			);
			dependencies = (
				37AE68951C2DF38C00A02DF0 /* PBXTargetDependency */,
			);
			name = LosAltosHacksTests;
			productName = LosAltosHacksTests;
			productReference = 37AE68931C2DF38C00A02DF0 /* LosAltosHacksTests.xctest */;
			productType = "com.apple.product-type.bundle.unit-test";
		};
/* End PBXNativeTarget section */

/* Begin PBXProject section */
		37AE68771C2DF38C00A02DF0 /* Project object */ = {
			isa = PBXProject;
			attributes = {
				LastSwiftUpdateCheck = 0720;
				LastUpgradeCheck = 0820;
				ORGANIZATIONNAME = "Dan Appel";
				TargetAttributes = {
					37AE687E1C2DF38C00A02DF0 = {
						CreatedOnToolsVersion = 7.2;
						DevelopmentTeam = M3QL4363UT;
						LastSwiftMigration = 0820;
						SystemCapabilities = {
							com.apple.Push = {
								enabled = 1;
							};
						};
					};
					37AE68921C2DF38C00A02DF0 = {
						CreatedOnToolsVersion = 7.2;
						LastSwiftMigration = 0820;
						TestTargetID = 37AE687E1C2DF38C00A02DF0;
					};
				};
			};
			buildConfigurationList = 37AE687A1C2DF38C00A02DF0 /* Build configuration list for PBXProject "LosAltosHacks" */;
			compatibilityVersion = "Xcode 3.2";
			developmentRegion = English;
			hasScannedForEncodings = 0;
			knownRegions = (
				en,
				Base,
			);
			mainGroup = 37AE68761C2DF38C00A02DF0;
			productRefGroup = 37AE68801C2DF38C00A02DF0 /* Products */;
			projectDirPath = "";
			projectReferences = (
				{
					ProductGroup = 37F439641E126C7A008A5A4E /* Products */;
					ProjectRef = 37F439631E126C7A008A5A4E /* Alamofire.xcodeproj */;
				},
				{
					ProductGroup = 37F439861E126C83008A5A4E /* Products */;
					ProjectRef = 37F439851E126C83008A5A4E /* SnapKit.xcodeproj */;
				},
			);
			projectRoot = "";
			targets = (
				37AE687E1C2DF38C00A02DF0 /* LosAltosHacks */,
				37AE68921C2DF38C00A02DF0 /* LosAltosHacksTests */,
			);
		};
/* End PBXProject section */

/* Begin PBXReferenceProxy section */
		37F4396F1E126C7A008A5A4E /* Alamofire.framework */ = {
			isa = PBXReferenceProxy;
			fileType = wrapper.framework;
			path = Alamofire.framework;
			remoteRef = 37F4396E1E126C7A008A5A4E /* PBXContainerItemProxy */;
			sourceTree = BUILT_PRODUCTS_DIR;
		};
		37F439711E126C7A008A5A4E /* Alamofire iOS Tests.xctest */ = {
			isa = PBXReferenceProxy;
			fileType = wrapper.cfbundle;
			path = "Alamofire iOS Tests.xctest";
			remoteRef = 37F439701E126C7A008A5A4E /* PBXContainerItemProxy */;
			sourceTree = BUILT_PRODUCTS_DIR;
		};
		37F439731E126C7A008A5A4E /* Alamofire.framework */ = {
			isa = PBXReferenceProxy;
			fileType = wrapper.framework;
			path = Alamofire.framework;
			remoteRef = 37F439721E126C7A008A5A4E /* PBXContainerItemProxy */;
			sourceTree = BUILT_PRODUCTS_DIR;
		};
		37F439751E126C7A008A5A4E /* Alamofire macOS Tests.xctest */ = {
			isa = PBXReferenceProxy;
			fileType = wrapper.cfbundle;
			path = "Alamofire macOS Tests.xctest";
			remoteRef = 37F439741E126C7A008A5A4E /* PBXContainerItemProxy */;
			sourceTree = BUILT_PRODUCTS_DIR;
		};
		37F439771E126C7A008A5A4E /* Alamofire.framework */ = {
			isa = PBXReferenceProxy;
			fileType = wrapper.framework;
			path = Alamofire.framework;
			remoteRef = 37F439761E126C7A008A5A4E /* PBXContainerItemProxy */;
			sourceTree = BUILT_PRODUCTS_DIR;
		};
		37F439791E126C7A008A5A4E /* Alamofire tvOS Tests.xctest */ = {
			isa = PBXReferenceProxy;
			fileType = wrapper.cfbundle;
			path = "Alamofire tvOS Tests.xctest";
			remoteRef = 37F439781E126C7A008A5A4E /* PBXContainerItemProxy */;
			sourceTree = BUILT_PRODUCTS_DIR;
		};
		37F4397B1E126C7A008A5A4E /* Alamofire.framework */ = {
			isa = PBXReferenceProxy;
			fileType = wrapper.framework;
			path = Alamofire.framework;
			remoteRef = 37F4397A1E126C7A008A5A4E /* PBXContainerItemProxy */;
			sourceTree = BUILT_PRODUCTS_DIR;
		};
		37F4398B1E126C83008A5A4E /* SnapKit.framework */ = {
			isa = PBXReferenceProxy;
			fileType = wrapper.framework;
			path = SnapKit.framework;
			remoteRef = 37F4398A1E126C83008A5A4E /* PBXContainerItemProxy */;
			sourceTree = BUILT_PRODUCTS_DIR;
		};
		37F4398D1E126C83008A5A4E /* SnapKit Tests.xctest */ = {
			isa = PBXReferenceProxy;
			fileType = wrapper.cfbundle;
			path = "SnapKit Tests.xctest";
			remoteRef = 37F4398C1E126C83008A5A4E /* PBXContainerItemProxy */;
			sourceTree = BUILT_PRODUCTS_DIR;
		};
/* End PBXReferenceProxy section */

/* Begin PBXResourcesBuildPhase section */
		37AE687D1C2DF38C00A02DF0 /* Resources */ = {
			isa = PBXResourcesBuildPhase;
			buildActionMask = 2147483647;
			files = (
				37A274C71C55675A003F8535 /* Settings.bundle in Resources */,
				378CE00B1C4EE8F3005D5E3D /* Assets.xcassets in Resources */,
				37AE688D1C2DF38C00A02DF0 /* LaunchScreen.storyboard in Resources */,
				37AE68881C2DF38C00A02DF0 /* Main.storyboard in Resources */,
				37A274D51C556ADD003F8535 /* generate-licenses.py in Resources */,
				376736931E127CA900552720 /* GoogleService-Info.plist in Resources */,
			);
			runOnlyForDeploymentPostprocessing = 0;
		};
		37AE68911C2DF38C00A02DF0 /* Resources */ = {
			isa = PBXResourcesBuildPhase;
			buildActionMask = 2147483647;
			files = (
			);
			runOnlyForDeploymentPostprocessing = 0;
		};
/* End PBXResourcesBuildPhase section */

/* Begin PBXShellScriptBuildPhase section */
		37A274D31C556A6A003F8535 /* ShellScript */ = {
			isa = PBXShellScriptBuildPhase;
			buildActionMask = 2147483647;
			files = (
			);
			inputPaths = (
			);
			outputPaths = (
			);
			runOnlyForDeploymentPostprocessing = 0;
			shellPath = /bin/sh;
			shellScript = "cd $SRCROOT/LosAltosHacks\npython3 generate-licenses.py";
		};
/* End PBXShellScriptBuildPhase section */

/* Begin PBXSourcesBuildPhase section */
		37AE687B1C2DF38C00A02DF0 /* Sources */ = {
			isa = PBXSourcesBuildPhase;
			buildActionMask = 2147483647;
			files = (
				D093A7A11C37499800570708 /* SocialMediaView.swift in Sources */,
				D00D968E1C44CD7C00D9A912 /* UpcomingEventView.swift in Sources */,
				370E60651C4F6608001B8324 /* Cacheable.swift in Sources */,
				D093A79F1C3731CF00570708 /* TopView.swift in Sources */,
				141012E41C3F92B800706495 /* ScheduleTableViewCell.swift in Sources */,
				375790421C502197004A29D1 /* Sortable.swift in Sources */,
				37AE68831C2DF38C00A02DF0 /* AppDelegate.swift in Sources */,
				37977A9F1C3FD22E003869F0 /* SocialMedia.swift in Sources */,
				D0D5CCEC1C543CCA00D6D2A9 /* CampusViewController.swift in Sources */,
				3795756F1C3941C000C4DFB5 /* Extensions.swift in Sources */,
				37977AAC1C3FD658003869F0 /* Constants.swift in Sources */,
				37CCFE941C31EF9F00998CB1 /* UpdateTableViewCell.swift in Sources */,
				37C182C41C3AAC8500D931EC /* LAHPreferredDisplay.swift in Sources */,
				37DC10791C51BBD500AFB816 /* Tag.swift in Sources */,
				37CCFE921C31EE0800998CB1 /* Update.swift in Sources */,
				37CCFE841C31E60800998CB1 /* MentorView.swift in Sources */,
				376736B31E12835A00552720 /* FirebaseManager.swift in Sources */,
				D093A77F1C370CB400570708 /* ProgressView.swift in Sources */,
				141012D71C3F86B900706495 /* Event.swift in Sources */,
				D00D96811C4382BF00D9A912 /* TimeLeftView.swift in Sources */,
				37CCFE961C31F09400998CB1 /* BaseViewController.swift in Sources */,
				37AE68B61C2DFFE600A02DF0 /* UpdatesViewController.swift in Sources */,
				37CCFE8A1C31E86000998CB1 /* SlackButton.swift in Sources */,
				37AE68BC1C2E001200A02DF0 /* ScheduleViewController.swift in Sources */,
				37AE68BA1C2E000300A02DF0 /* DashboardViewController.swift in Sources */,
				D093A7B91C3B6FF900570708 /* MapViewController.swift in Sources */,
				370D861D1C503398004DB90B /* JSONConvertible.swift in Sources */,
			);
			runOnlyForDeploymentPostprocessing = 0;
		};
		37AE688F1C2DF38C00A02DF0 /* Sources */ = {
			isa = PBXSourcesBuildPhase;
			buildActionMask = 2147483647;
			files = (
				37AE68981C2DF38C00A02DF0 /* LosAltosHacksTests.swift in Sources */,
			);
			runOnlyForDeploymentPostprocessing = 0;
		};
/* End PBXSourcesBuildPhase section */

/* Begin PBXTargetDependency section */
		37AE68951C2DF38C00A02DF0 /* PBXTargetDependency */ = {
			isa = PBXTargetDependency;
			target = 37AE687E1C2DF38C00A02DF0 /* LosAltosHacks */;
			targetProxy = 37AE68941C2DF38C00A02DF0 /* PBXContainerItemProxy */;
		};
		37F4398F1E126C8D008A5A4E /* PBXTargetDependency */ = {
			isa = PBXTargetDependency;
			name = SnapKit;
			targetProxy = 37F4398E1E126C8D008A5A4E /* PBXContainerItemProxy */;
		};
		37F439931E126C93008A5A4E /* PBXTargetDependency */ = {
			isa = PBXTargetDependency;
			name = "Alamofire iOS";
			targetProxy = 37F439921E126C93008A5A4E /* PBXContainerItemProxy */;
		};
/* End PBXTargetDependency section */

/* Begin PBXVariantGroup section */
		37AE68861C2DF38C00A02DF0 /* Main.storyboard */ = {
			isa = PBXVariantGroup;
			children = (
				37AE68871C2DF38C00A02DF0 /* Base */,
			);
			name = Main.storyboard;
			sourceTree = "<group>";
		};
		37AE688B1C2DF38C00A02DF0 /* LaunchScreen.storyboard */ = {
			isa = PBXVariantGroup;
			children = (
				37AE688C1C2DF38C00A02DF0 /* Base */,
			);
			name = LaunchScreen.storyboard;
			sourceTree = "<group>";
		};
/* End PBXVariantGroup section */

/* Begin XCBuildConfiguration section */
		37AE689A1C2DF38C00A02DF0 /* Debug */ = {
			isa = XCBuildConfiguration;
			buildSettings = {
				ALWAYS_SEARCH_USER_PATHS = NO;
				CLANG_CXX_LANGUAGE_STANDARD = "gnu++0x";
				CLANG_CXX_LIBRARY = "libc++";
				CLANG_ENABLE_MODULES = YES;
				CLANG_ENABLE_OBJC_ARC = YES;
				CLANG_WARN_BOOL_CONVERSION = YES;
				CLANG_WARN_CONSTANT_CONVERSION = YES;
				CLANG_WARN_DIRECT_OBJC_ISA_USAGE = YES_ERROR;
				CLANG_WARN_EMPTY_BODY = YES;
				CLANG_WARN_ENUM_CONVERSION = YES;
				CLANG_WARN_INFINITE_RECURSION = YES;
				CLANG_WARN_INT_CONVERSION = YES;
				CLANG_WARN_OBJC_ROOT_CLASS = YES_ERROR;
				CLANG_WARN_SUSPICIOUS_MOVE = YES;
				CLANG_WARN_UNREACHABLE_CODE = YES;
				CLANG_WARN__DUPLICATE_METHOD_MATCH = YES;
				"CODE_SIGN_IDENTITY[sdk=iphoneos*]" = "iPhone Developer";
				COPY_PHASE_STRIP = NO;
				DEBUG_INFORMATION_FORMAT = dwarf;
				ENABLE_STRICT_OBJC_MSGSEND = YES;
				ENABLE_TESTABILITY = YES;
				GCC_C_LANGUAGE_STANDARD = gnu99;
				GCC_DYNAMIC_NO_PIC = NO;
				GCC_NO_COMMON_BLOCKS = YES;
				GCC_OPTIMIZATION_LEVEL = 0;
				GCC_PREPROCESSOR_DEFINITIONS = (
					"DEBUG=1",
					"$(inherited)",
				);
				GCC_WARN_64_TO_32_BIT_CONVERSION = YES;
				GCC_WARN_ABOUT_RETURN_TYPE = YES_ERROR;
				GCC_WARN_UNDECLARED_SELECTOR = YES;
				GCC_WARN_UNINITIALIZED_AUTOS = YES_AGGRESSIVE;
				GCC_WARN_UNUSED_FUNCTION = YES;
				GCC_WARN_UNUSED_VARIABLE = YES;
				IPHONEOS_DEPLOYMENT_TARGET = 9.2;
				MTL_ENABLE_DEBUG_INFO = YES;
				ONLY_ACTIVE_ARCH = YES;
				SDKROOT = iphoneos;
				SWIFT_OPTIMIZATION_LEVEL = "-Onone";
				SWIFT_VERSION = 3.0;
				TARGETED_DEVICE_FAMILY = "1,2";
			};
			name = Debug;
		};
		37AE689B1C2DF38C00A02DF0 /* Release */ = {
			isa = XCBuildConfiguration;
			buildSettings = {
				ALWAYS_SEARCH_USER_PATHS = NO;
				CLANG_CXX_LANGUAGE_STANDARD = "gnu++0x";
				CLANG_CXX_LIBRARY = "libc++";
				CLANG_ENABLE_MODULES = YES;
				CLANG_ENABLE_OBJC_ARC = YES;
				CLANG_WARN_BOOL_CONVERSION = YES;
				CLANG_WARN_CONSTANT_CONVERSION = YES;
				CLANG_WARN_DIRECT_OBJC_ISA_USAGE = YES_ERROR;
				CLANG_WARN_EMPTY_BODY = YES;
				CLANG_WARN_ENUM_CONVERSION = YES;
				CLANG_WARN_INFINITE_RECURSION = YES;
				CLANG_WARN_INT_CONVERSION = YES;
				CLANG_WARN_OBJC_ROOT_CLASS = YES_ERROR;
				CLANG_WARN_SUSPICIOUS_MOVE = YES;
				CLANG_WARN_UNREACHABLE_CODE = YES;
				CLANG_WARN__DUPLICATE_METHOD_MATCH = YES;
				"CODE_SIGN_IDENTITY[sdk=iphoneos*]" = "iPhone Developer";
				COPY_PHASE_STRIP = NO;
				DEBUG_INFORMATION_FORMAT = "dwarf-with-dsym";
				ENABLE_NS_ASSERTIONS = NO;
				ENABLE_STRICT_OBJC_MSGSEND = YES;
				GCC_C_LANGUAGE_STANDARD = gnu99;
				GCC_NO_COMMON_BLOCKS = YES;
				GCC_WARN_64_TO_32_BIT_CONVERSION = YES;
				GCC_WARN_ABOUT_RETURN_TYPE = YES_ERROR;
				GCC_WARN_UNDECLARED_SELECTOR = YES;
				GCC_WARN_UNINITIALIZED_AUTOS = YES_AGGRESSIVE;
				GCC_WARN_UNUSED_FUNCTION = YES;
				GCC_WARN_UNUSED_VARIABLE = YES;
				IPHONEOS_DEPLOYMENT_TARGET = 9.2;
				MTL_ENABLE_DEBUG_INFO = NO;
				SDKROOT = iphoneos;
				SWIFT_OPTIMIZATION_LEVEL = "-Owholemodule";
				SWIFT_VERSION = 3.0;
				TARGETED_DEVICE_FAMILY = "1,2";
				VALIDATE_PRODUCT = YES;
			};
			name = Release;
		};
		37AE689D1C2DF38C00A02DF0 /* Debug */ = {
			isa = XCBuildConfiguration;
			buildSettings = {
				ALWAYS_EMBED_SWIFT_STANDARD_LIBRARIES = YES;
				ASSETCATALOG_COMPILER_APPICON_NAME = AppIcon;
				CODE_SIGN_ENTITLEMENTS = LosAltosHacks/LAH.entitlements;
				CODE_SIGN_IDENTITY = "iPhone Developer";
				"CODE_SIGN_IDENTITY[sdk=iphoneos*]" = "iPhone Developer";
				DEVELOPMENT_TEAM = M3QL4363UT;
				FRAMEWORK_SEARCH_PATHS = (
					"$(inherited)",
					"$(PROJECT_DIR)/Carthage/Build/iOS",
				);
				INFOPLIST_FILE = LosAltosHacks/Info.plist;
				IPHONEOS_DEPLOYMENT_TARGET = 9.0;
				LD_RUNPATH_SEARCH_PATHS = "$(inherited) @executable_path/Frameworks";
				ONLY_ACTIVE_ARCH = YES;
				OTHER_LDFLAGS = "-ObjC";
				PRODUCT_BUNDLE_IDENTIFIER = "com.losaltoshacks.ios-app";
				PRODUCT_NAME = LAH;
				PROVISIONING_PROFILE = "";
				SWIFT_VERSION = 3.0;
				TARGETED_DEVICE_FAMILY = 1;
			};
			name = Debug;
		};
		37AE689E1C2DF38C00A02DF0 /* Release */ = {
			isa = XCBuildConfiguration;
			buildSettings = {
				ALWAYS_EMBED_SWIFT_STANDARD_LIBRARIES = YES;
				ASSETCATALOG_COMPILER_APPICON_NAME = AppIcon;
				CODE_SIGN_ENTITLEMENTS = LosAltosHacks/LAH.entitlements;
				CODE_SIGN_IDENTITY = "iPhone Distribution";
				"CODE_SIGN_IDENTITY[sdk=iphoneos*]" = "iPhone Distribution";
				DEVELOPMENT_TEAM = M3QL4363UT;
				FRAMEWORK_SEARCH_PATHS = (
					"$(inherited)",
					"$(PROJECT_DIR)/Carthage/Build/iOS",
				);
				INFOPLIST_FILE = LosAltosHacks/Info.plist;
				IPHONEOS_DEPLOYMENT_TARGET = 9.0;
				LD_RUNPATH_SEARCH_PATHS = "$(inherited) @executable_path/Frameworks";
				ONLY_ACTIVE_ARCH = YES;
				OTHER_LDFLAGS = "-ObjC";
				PRODUCT_BUNDLE_IDENTIFIER = "com.losaltoshacks.ios-app";
				PRODUCT_NAME = LAH;
				PROVISIONING_PROFILE = "";
				SWIFT_VERSION = 3.0;
				TARGETED_DEVICE_FAMILY = 1;
			};
			name = Release;
		};
		37AE68A01C2DF38C00A02DF0 /* Debug */ = {
			isa = XCBuildConfiguration;
			buildSettings = {
				BUNDLE_LOADER = "$(TEST_HOST)";
				INFOPLIST_FILE = LosAltosHacksTests/Info.plist;
				LD_RUNPATH_SEARCH_PATHS = "$(inherited) @executable_path/Frameworks @loader_path/Frameworks";
				PRODUCT_BUNDLE_IDENTIFIER = me.dvappel.LosAltosHacksTests;
				PRODUCT_NAME = "$(TARGET_NAME)";
				SWIFT_VERSION = 3.0;
				TEST_HOST = "$(BUILT_PRODUCTS_DIR)/LAH.app/LAH";
			};
			name = Debug;
		};
		37AE68A11C2DF38C00A02DF0 /* Release */ = {
			isa = XCBuildConfiguration;
			buildSettings = {
				BUNDLE_LOADER = "$(TEST_HOST)";
				INFOPLIST_FILE = LosAltosHacksTests/Info.plist;
				LD_RUNPATH_SEARCH_PATHS = "$(inherited) @executable_path/Frameworks @loader_path/Frameworks";
				PRODUCT_BUNDLE_IDENTIFIER = me.dvappel.LosAltosHacksTests;
				PRODUCT_NAME = "$(TARGET_NAME)";
				SWIFT_VERSION = 3.0;
				TEST_HOST = "$(BUILT_PRODUCTS_DIR)/LAH.app/LAH";
			};
			name = Release;
		};
/* End XCBuildConfiguration section */

/* Begin XCConfigurationList section */
		37AE687A1C2DF38C00A02DF0 /* Build configuration list for PBXProject "LosAltosHacks" */ = {
			isa = XCConfigurationList;
			buildConfigurations = (
				37AE689A1C2DF38C00A02DF0 /* Debug */,
				37AE689B1C2DF38C00A02DF0 /* Release */,
			);
			defaultConfigurationIsVisible = 0;
			defaultConfigurationName = Release;
		};
		37AE689C1C2DF38C00A02DF0 /* Build configuration list for PBXNativeTarget "LosAltosHacks" */ = {
			isa = XCConfigurationList;
			buildConfigurations = (
				37AE689D1C2DF38C00A02DF0 /* Debug */,
				37AE689E1C2DF38C00A02DF0 /* Release */,
			);
			defaultConfigurationIsVisible = 0;
			defaultConfigurationName = Release;
		};
		37AE689F1C2DF38C00A02DF0 /* Build configuration list for PBXNativeTarget "LosAltosHacksTests" */ = {
			isa = XCConfigurationList;
			buildConfigurations = (
				37AE68A01C2DF38C00A02DF0 /* Debug */,
				37AE68A11C2DF38C00A02DF0 /* Release */,
			);
			defaultConfigurationIsVisible = 0;
			defaultConfigurationName = Release;
		};
/* End XCConfigurationList section */
	};
	rootObject = 37AE68771C2DF38C00A02DF0 /* Project object */;
}
